// !$*UTF8*$!
{
	archiveVersion = 1;
	classes = {
	};
	objectVersion = 55;
	objects = {

/* Begin PBXBuildFile section */
		9C5C4E832859C706008C69F2 /* AppDelegate.swift in Sources */ = {isa = PBXBuildFile; fileRef = 9C5C4E822859C706008C69F2 /* AppDelegate.swift */; };
		9C5C4E8A2859C706008C69F2 /* Main.storyboard in Resources */ = {isa = PBXBuildFile; fileRef = 9C5C4E882859C706008C69F2 /* Main.storyboard */; };
		9C5C4E8C2859C709008C69F2 /* Assets.xcassets in Resources */ = {isa = PBXBuildFile; fileRef = 9C5C4E8B2859C709008C69F2 /* Assets.xcassets */; };
		9C5C4E8F2859C709008C69F2 /* LaunchScreen.storyboard in Resources */ = {isa = PBXBuildFile; fileRef = 9C5C4E8D2859C709008C69F2 /* LaunchScreen.storyboard */; };
		9C5C4EB92859C743008C69F2 /* MainScreen.storyboard in Resources */ = {isa = PBXBuildFile; fileRef = 9C5C4EB32859C743008C69F2 /* MainScreen.storyboard */; };
		9C5C4EBA2859C743008C69F2 /* MainScreenPresenter.swift in Sources */ = {isa = PBXBuildFile; fileRef = 9C5C4EB42859C743008C69F2 /* MainScreenPresenter.swift */; };
		9C5C4EBB2859C743008C69F2 /* MainScreenRouter.swift in Sources */ = {isa = PBXBuildFile; fileRef = 9C5C4EB52859C743008C69F2 /* MainScreenRouter.swift */; };
		9C5C4EBC2859C743008C69F2 /* MainScreenViewController.swift in Sources */ = {isa = PBXBuildFile; fileRef = 9C5C4EB62859C743008C69F2 /* MainScreenViewController.swift */; };
		9C5C4EBD2859C743008C69F2 /* MainScreenProtocols.swift in Sources */ = {isa = PBXBuildFile; fileRef = 9C5C4EB72859C743008C69F2 /* MainScreenProtocols.swift */; };
		9C5C4EBE2859C743008C69F2 /* MainScreenConfigurator.swift in Sources */ = {isa = PBXBuildFile; fileRef = 9C5C4EB82859C743008C69F2 /* MainScreenConfigurator.swift */; };
		9C5C4EC02859D01E008C69F2 /* CityTableViewCell.xib in Resources */ = {isa = PBXBuildFile; fileRef = 9C5C4EBF2859D01E008C69F2 /* CityTableViewCell.xib */; };
		9C5C4EC32859D0B5008C69F2 /* CityTableViewCell.swift in Sources */ = {isa = PBXBuildFile; fileRef = 9C5C4EC22859D0B5008C69F2 /* CityTableViewCell.swift */; };
		9C5C4EC52859D187008C69F2 /* Extensions.swift in Sources */ = {isa = PBXBuildFile; fileRef = 9C5C4EC42859D187008C69F2 /* Extensions.swift */; };
		9C5C4EC82859E0AD008C69F2 /* CityInfoView.swift in Sources */ = {isa = PBXBuildFile; fileRef = 9C5C4EC72859E0AD008C69F2 /* CityInfoView.swift */; };
		9C5C4ECA2859FC98008C69F2 /* City.swift in Sources */ = {isa = PBXBuildFile; fileRef = 9C5C4EC92859FC98008C69F2 /* City.swift */; };
		9C5C4ECE285A207A008C69F2 /* CityViewModel.swift in Sources */ = {isa = PBXBuildFile; fileRef = 9C5C4ECD285A207A008C69F2 /* CityViewModel.swift */; };
		9C723D06285B228500B2D09E /* CityDescriptionView.swift in Sources */ = {isa = PBXBuildFile; fileRef = 9C723D05285B228500B2D09E /* CityDescriptionView.swift */; };
/* End PBXBuildFile section */

/* Begin PBXContainerItemProxy section */
		9C5C4E962859C709008C69F2 /* PBXContainerItemProxy */ = {
			isa = PBXContainerItemProxy;
			containerPortal = 9C5C4E772859C706008C69F2 /* Project object */;
			proxyType = 1;
			remoteGlobalIDString = 9C5C4E7E2859C706008C69F2;
			remoteInfo = "SwiftUI + UIKit";
		};
		9C5C4EA02859C70A008C69F2 /* PBXContainerItemProxy */ = {
			isa = PBXContainerItemProxy;
			containerPortal = 9C5C4E772859C706008C69F2 /* Project object */;
			proxyType = 1;
			remoteGlobalIDString = 9C5C4E7E2859C706008C69F2;
			remoteInfo = "SwiftUI + UIKit";
		};
/* End PBXContainerItemProxy section */

/* Begin PBXFileReference section */
		9C5C4E7F2859C706008C69F2 /* SwiftUI + UIKit.app */ = {isa = PBXFileReference; explicitFileType = wrapper.application; includeInIndex = 0; path = "SwiftUI + UIKit.app"; sourceTree = BUILT_PRODUCTS_DIR; };
		9C5C4E822859C706008C69F2 /* AppDelegate.swift */ = {isa = PBXFileReference; lastKnownFileType = sourcecode.swift; path = AppDelegate.swift; sourceTree = "<group>"; };
		9C5C4E892859C706008C69F2 /* Base */ = {isa = PBXFileReference; lastKnownFileType = file.storyboard; name = Base; path = Base.lproj/Main.storyboard; sourceTree = "<group>"; };
		9C5C4E8B2859C709008C69F2 /* Assets.xcassets */ = {isa = PBXFileReference; lastKnownFileType = folder.assetcatalog; path = Assets.xcassets; sourceTree = "<group>"; };
		9C5C4E8E2859C709008C69F2 /* Base */ = {isa = PBXFileReference; lastKnownFileType = file.storyboard; name = Base; path = Base.lproj/LaunchScreen.storyboard; sourceTree = "<group>"; };
		9C5C4E902859C709008C69F2 /* Info.plist */ = {isa = PBXFileReference; lastKnownFileType = text.plist.xml; path = Info.plist; sourceTree = "<group>"; };
		9C5C4E952859C709008C69F2 /* SwiftUI + UIKitTests.xctest */ = {isa = PBXFileReference; explicitFileType = wrapper.cfbundle; includeInIndex = 0; path = "SwiftUI + UIKitTests.xctest"; sourceTree = BUILT_PRODUCTS_DIR; };
		9C5C4E9F2859C70A008C69F2 /* SwiftUI + UIKitUITests.xctest */ = {isa = PBXFileReference; explicitFileType = wrapper.cfbundle; includeInIndex = 0; path = "SwiftUI + UIKitUITests.xctest"; sourceTree = BUILT_PRODUCTS_DIR; };
		9C5C4EB32859C743008C69F2 /* MainScreen.storyboard */ = {isa = PBXFileReference; lastKnownFileType = file.storyboard; path = MainScreen.storyboard; sourceTree = "<group>"; };
		9C5C4EB42859C743008C69F2 /* MainScreenPresenter.swift */ = {isa = PBXFileReference; lastKnownFileType = sourcecode.swift; path = MainScreenPresenter.swift; sourceTree = "<group>"; };
		9C5C4EB52859C743008C69F2 /* MainScreenRouter.swift */ = {isa = PBXFileReference; lastKnownFileType = sourcecode.swift; path = MainScreenRouter.swift; sourceTree = "<group>"; };
		9C5C4EB62859C743008C69F2 /* MainScreenViewController.swift */ = {isa = PBXFileReference; lastKnownFileType = sourcecode.swift; path = MainScreenViewController.swift; sourceTree = "<group>"; };
		9C5C4EB72859C743008C69F2 /* MainScreenProtocols.swift */ = {isa = PBXFileReference; lastKnownFileType = sourcecode.swift; path = MainScreenProtocols.swift; sourceTree = "<group>"; };
		9C5C4EB82859C743008C69F2 /* MainScreenConfigurator.swift */ = {isa = PBXFileReference; lastKnownFileType = sourcecode.swift; path = MainScreenConfigurator.swift; sourceTree = "<group>"; };
		9C5C4EBF2859D01E008C69F2 /* CityTableViewCell.xib */ = {isa = PBXFileReference; lastKnownFileType = file.xib; path = CityTableViewCell.xib; sourceTree = "<group>"; };
		9C5C4EC22859D0B5008C69F2 /* CityTableViewCell.swift */ = {isa = PBXFileReference; lastKnownFileType = sourcecode.swift; path = CityTableViewCell.swift; sourceTree = "<group>"; };
		9C5C4EC42859D187008C69F2 /* Extensions.swift */ = {isa = PBXFileReference; lastKnownFileType = sourcecode.swift; path = Extensions.swift; sourceTree = "<group>"; };
		9C5C4EC72859E0AD008C69F2 /* CityInfoView.swift */ = {isa = PBXFileReference; lastKnownFileType = sourcecode.swift; path = CityInfoView.swift; sourceTree = "<group>"; };
		9C5C4EC92859FC98008C69F2 /* City.swift */ = {isa = PBXFileReference; lastKnownFileType = sourcecode.swift; path = City.swift; sourceTree = "<group>"; };
		9C5C4ECD285A207A008C69F2 /* CityViewModel.swift */ = {isa = PBXFileReference; lastKnownFileType = sourcecode.swift; path = CityViewModel.swift; sourceTree = "<group>"; };
		9C723D05285B228500B2D09E /* CityDescriptionView.swift */ = {isa = PBXFileReference; lastKnownFileType = sourcecode.swift; path = CityDescriptionView.swift; sourceTree = "<group>"; };
/* End PBXFileReference section */

/* Begin PBXFrameworksBuildPhase section */
		9C5C4E7C2859C706008C69F2 /* Frameworks */ = {
			isa = PBXFrameworksBuildPhase;
			buildActionMask = 2147483647;
			files = (
			);
			runOnlyForDeploymentPostprocessing = 0;
		};
		9C5C4E922859C709008C69F2 /* Frameworks */ = {
			isa = PBXFrameworksBuildPhase;
			buildActionMask = 2147483647;
			files = (
			);
			runOnlyForDeploymentPostprocessing = 0;
		};
		9C5C4E9C2859C70A008C69F2 /* Frameworks */ = {
			isa = PBXFrameworksBuildPhase;
			buildActionMask = 2147483647;
			files = (
			);
			runOnlyForDeploymentPostprocessing = 0;
		};
/* End PBXFrameworksBuildPhase section */

/* Begin PBXGroup section */
		9C5C4E762859C706008C69F2 = {
			isa = PBXGroup;
			children = (
				9C5C4E812859C706008C69F2 /* SwiftUI + UIKit */,
				9C5C4E802859C706008C69F2 /* Products */,
			);
			sourceTree = "<group>";
		};
		9C5C4E802859C706008C69F2 /* Products */ = {
			isa = PBXGroup;
			children = (
				9C5C4E7F2859C706008C69F2 /* SwiftUI + UIKit.app */,
				9C5C4E952859C709008C69F2 /* SwiftUI + UIKitTests.xctest */,
				9C5C4E9F2859C70A008C69F2 /* SwiftUI + UIKitUITests.xctest */,
			);
			name = Products;
			sourceTree = "<group>";
		};
		9C5C4E812859C706008C69F2 /* SwiftUI + UIKit */ = {
			isa = PBXGroup;
			children = (
				9C5C4EB22859C71E008C69F2 /* MainScreen */,
				9C5C4E822859C706008C69F2 /* AppDelegate.swift */,
				9C5C4E882859C706008C69F2 /* Main.storyboard */,
				9C5C4E8B2859C709008C69F2 /* Assets.xcassets */,
				9C5C4E8D2859C709008C69F2 /* LaunchScreen.storyboard */,
				9C5C4E902859C709008C69F2 /* Info.plist */,
				9C5C4EC42859D187008C69F2 /* Extensions.swift */,
			);
			path = "SwiftUI + UIKit";
			sourceTree = "<group>";
		};
		9C5C4EB22859C71E008C69F2 /* MainScreen */ = {
			isa = PBXGroup;
			children = (
				9C5C4EC62859E08D008C69F2 /* SwiftUITableView */,
				9C5C4EC12859D09F008C69F2 /* CityTableViewCell */,
				9C5C4EB32859C743008C69F2 /* MainScreen.storyboard */,
				9C5C4EB42859C743008C69F2 /* MainScreenPresenter.swift */,
				9C5C4EB52859C743008C69F2 /* MainScreenRouter.swift */,
				9C5C4EB62859C743008C69F2 /* MainScreenViewController.swift */,
				9C5C4EB72859C743008C69F2 /* MainScreenProtocols.swift */,
				9C5C4EB82859C743008C69F2 /* MainScreenConfigurator.swift */,
				9C5C4EC92859FC98008C69F2 /* City.swift */,
			);
			path = MainScreen;
			sourceTree = "<group>";
		};
		9C5C4EC12859D09F008C69F2 /* CityTableViewCell */ = {
			isa = PBXGroup;
			children = (
				9C5C4EBF2859D01E008C69F2 /* CityTableViewCell.xib */,
				9C5C4EC22859D0B5008C69F2 /* CityTableViewCell.swift */,
			);
			path = CityTableViewCell;
			sourceTree = "<group>";
		};
		9C5C4EC62859E08D008C69F2 /* SwiftUITableView */ = {
			isa = PBXGroup;
			children = (
				9C5C4EC72859E0AD008C69F2 /* CityInfoView.swift */,
				9C5C4ECD285A207A008C69F2 /* CityViewModel.swift */,
				9C723D05285B228500B2D09E /* CityDescriptionView.swift */,
			);
			path = SwiftUITableView;
			sourceTree = "<group>";
		};
/* End PBXGroup section */

/* Begin PBXNativeTarget section */
		9C5C4E7E2859C706008C69F2 /* SwiftUI + UIKit */ = {
			isa = PBXNativeTarget;
			buildConfigurationList = 9C5C4EA92859C70A008C69F2 /* Build configuration list for PBXNativeTarget "SwiftUI + UIKit" */;
			buildPhases = (
				9C5C4E7B2859C706008C69F2 /* Sources */,
				9C5C4E7C2859C706008C69F2 /* Frameworks */,
				9C5C4E7D2859C706008C69F2 /* Resources */,
			);
			buildRules = (
			);
			dependencies = (
			);
			name = "SwiftUI + UIKit";
			productName = "SwiftUI + UIKit";
			productReference = 9C5C4E7F2859C706008C69F2 /* SwiftUI + UIKit.app */;
			productType = "com.apple.product-type.application";
		};
		9C5C4E942859C709008C69F2 /* SwiftUI + UIKitTests */ = {
			isa = PBXNativeTarget;
			buildConfigurationList = 9C5C4EAC2859C70A008C69F2 /* Build configuration list for PBXNativeTarget "SwiftUI + UIKitTests" */;
			buildPhases = (
				9C5C4E912859C709008C69F2 /* Sources */,
				9C5C4E922859C709008C69F2 /* Frameworks */,
				9C5C4E932859C709008C69F2 /* Resources */,
			);
			buildRules = (
			);
			dependencies = (
				9C5C4E972859C709008C69F2 /* PBXTargetDependency */,
			);
			name = "SwiftUI + UIKitTests";
			productName = "SwiftUI + UIKitTests";
			productReference = 9C5C4E952859C709008C69F2 /* SwiftUI + UIKitTests.xctest */;
			productType = "com.apple.product-type.bundle.unit-test";
		};
		9C5C4E9E2859C70A008C69F2 /* SwiftUI + UIKitUITests */ = {
			isa = PBXNativeTarget;
			buildConfigurationList = 9C5C4EAF2859C70A008C69F2 /* Build configuration list for PBXNativeTarget "SwiftUI + UIKitUITests" */;
			buildPhases = (
				9C5C4E9B2859C70A008C69F2 /* Sources */,
				9C5C4E9C2859C70A008C69F2 /* Frameworks */,
				9C5C4E9D2859C70A008C69F2 /* Resources */,
			);
			buildRules = (
			);
			dependencies = (
				9C5C4EA12859C70A008C69F2 /* PBXTargetDependency */,
			);
			name = "SwiftUI + UIKitUITests";
			productName = "SwiftUI + UIKitUITests";
			productReference = 9C5C4E9F2859C70A008C69F2 /* SwiftUI + UIKitUITests.xctest */;
			productType = "com.apple.product-type.bundle.ui-testing";
		};
/* End PBXNativeTarget section */

/* Begin PBXProject section */
		9C5C4E772859C706008C69F2 /* Project object */ = {
			isa = PBXProject;
			attributes = {
				BuildIndependentTargetsInParallel = 1;
				LastSwiftUpdateCheck = 1340;
				LastUpgradeCheck = 1340;
				TargetAttributes = {
					9C5C4E7E2859C706008C69F2 = {
						CreatedOnToolsVersion = 13.4.1;
					};
					9C5C4E942859C709008C69F2 = {
						CreatedOnToolsVersion = 13.4.1;
						TestTargetID = 9C5C4E7E2859C706008C69F2;
					};
					9C5C4E9E2859C70A008C69F2 = {
						CreatedOnToolsVersion = 13.4.1;
						TestTargetID = 9C5C4E7E2859C706008C69F2;
					};
				};
			};
			buildConfigurationList = 9C5C4E7A2859C706008C69F2 /* Build configuration list for PBXProject "SwiftUI + UIKit" */;
			compatibilityVersion = "Xcode 13.0";
			developmentRegion = en;
			hasScannedForEncodings = 0;
			knownRegions = (
				en,
				Base,
			);
			mainGroup = 9C5C4E762859C706008C69F2;
			productRefGroup = 9C5C4E802859C706008C69F2 /* Products */;
			projectDirPath = "";
			projectRoot = "";
			targets = (
				9C5C4E7E2859C706008C69F2 /* SwiftUI + UIKit */,
				9C5C4E942859C709008C69F2 /* SwiftUI + UIKitTests */,
				9C5C4E9E2859C70A008C69F2 /* SwiftUI + UIKitUITests */,
			);
		};
/* End PBXProject section */

/* Begin PBXResourcesBuildPhase section */
		9C5C4E7D2859C706008C69F2 /* Resources */ = {
			isa = PBXResourcesBuildPhase;
			buildActionMask = 2147483647;
			files = (
				9C5C4EC02859D01E008C69F2 /* CityTableViewCell.xib in Resources */,
				9C5C4E8F2859C709008C69F2 /* LaunchScreen.storyboard in Resources */,
				9C5C4EB92859C743008C69F2 /* MainScreen.storyboard in Resources */,
				9C5C4E8C2859C709008C69F2 /* Assets.xcassets in Resources */,
				9C5C4E8A2859C706008C69F2 /* Main.storyboard in Resources */,
			);
			runOnlyForDeploymentPostprocessing = 0;
		};
		9C5C4E932859C709008C69F2 /* Resources */ = {
			isa = PBXResourcesBuildPhase;
			buildActionMask = 2147483647;
			files = (
			);
			runOnlyForDeploymentPostprocessing = 0;
		};
		9C5C4E9D2859C70A008C69F2 /* Resources */ = {
			isa = PBXResourcesBuildPhase;
			buildActionMask = 2147483647;
			files = (
			);
			runOnlyForDeploymentPostprocessing = 0;
		};
/* End PBXResourcesBuildPhase section */

/* Begin PBXSourcesBuildPhase section */
		9C5C4E7B2859C706008C69F2 /* Sources */ = {
			isa = PBXSourcesBuildPhase;
			buildActionMask = 2147483647;
			files = (
				9C5C4ECA2859FC98008C69F2 /* City.swift in Sources */,
				9C5C4ECE285A207A008C69F2 /* CityViewModel.swift in Sources */,
				9C5C4EBA2859C743008C69F2 /* MainScreenPresenter.swift in Sources */,
				9C5C4EC52859D187008C69F2 /* Extensions.swift in Sources */,
				9C723D06285B228500B2D09E /* CityDescriptionView.swift in Sources */,
				9C5C4EC32859D0B5008C69F2 /* CityTableViewCell.swift in Sources */,
				9C5C4E832859C706008C69F2 /* AppDelegate.swift in Sources */,
				9C5C4EBD2859C743008C69F2 /* MainScreenProtocols.swift in Sources */,
				9C5C4EBB2859C743008C69F2 /* MainScreenRouter.swift in Sources */,
				9C5C4EBC2859C743008C69F2 /* MainScreenViewController.swift in Sources */,
				9C5C4EC82859E0AD008C69F2 /* CityInfoView.swift in Sources */,
				9C5C4EBE2859C743008C69F2 /* MainScreenConfigurator.swift in Sources */,
			);
			runOnlyForDeploymentPostprocessing = 0;
		};
		9C5C4E912859C709008C69F2 /* Sources */ = {
			isa = PBXSourcesBuildPhase;
			buildActionMask = 2147483647;
			files = (
			);
			runOnlyForDeploymentPostprocessing = 0;
		};
		9C5C4E9B2859C70A008C69F2 /* Sources */ = {
			isa = PBXSourcesBuildPhase;
			buildActionMask = 2147483647;
			files = (
			);
			runOnlyForDeploymentPostprocessing = 0;
		};
/* End PBXSourcesBuildPhase section */

/* Begin PBXTargetDependency section */
		9C5C4E972859C709008C69F2 /* PBXTargetDependency */ = {
			isa = PBXTargetDependency;
			target = 9C5C4E7E2859C706008C69F2 /* SwiftUI + UIKit */;
			targetProxy = 9C5C4E962859C709008C69F2 /* PBXContainerItemProxy */;
		};
		9C5C4EA12859C70A008C69F2 /* PBXTargetDependency */ = {
			isa = PBXTargetDependency;
			target = 9C5C4E7E2859C706008C69F2 /* SwiftUI + UIKit */;
			targetProxy = 9C5C4EA02859C70A008C69F2 /* PBXContainerItemProxy */;
		};
/* End PBXTargetDependency section */

/* Begin PBXVariantGroup section */
		9C5C4E882859C706008C69F2 /* Main.storyboard */ = {
			isa = PBXVariantGroup;
			children = (
				9C5C4E892859C706008C69F2 /* Base */,
			);
			name = Main.storyboard;
			sourceTree = "<group>";
		};
		9C5C4E8D2859C709008C69F2 /* LaunchScreen.storyboard */ = {
			isa = PBXVariantGroup;
			children = (
				9C5C4E8E2859C709008C69F2 /* Base */,
			);
			name = LaunchScreen.storyboard;
			sourceTree = "<group>";
		};
/* End PBXVariantGroup section */

/* Begin XCBuildConfiguration section */
		9C5C4EA72859C70A008C69F2 /* Debug */ = {
			isa = XCBuildConfiguration;
			buildSettings = {
				ALWAYS_SEARCH_USER_PATHS = NO;
				CLANG_ANALYZER_NONNULL = YES;
				CLANG_ANALYZER_NUMBER_OBJECT_CONVERSION = YES_AGGRESSIVE;
				CLANG_CXX_LANGUAGE_STANDARD = "gnu++17";
				CLANG_ENABLE_MODULES = YES;
				CLANG_ENABLE_OBJC_ARC = YES;
				CLANG_ENABLE_OBJC_WEAK = YES;
				CLANG_WARN_BLOCK_CAPTURE_AUTORELEASING = YES;
				CLANG_WARN_BOOL_CONVERSION = YES;
				CLANG_WARN_COMMA = YES;
				CLANG_WARN_CONSTANT_CONVERSION = YES;
				CLANG_WARN_DEPRECATED_OBJC_IMPLEMENTATIONS = YES;
				CLANG_WARN_DIRECT_OBJC_ISA_USAGE = YES_ERROR;
				CLANG_WARN_DOCUMENTATION_COMMENTS = YES;
				CLANG_WARN_EMPTY_BODY = YES;
				CLANG_WARN_ENUM_CONVERSION = YES;
				CLANG_WARN_INFINITE_RECURSION = YES;
				CLANG_WARN_INT_CONVERSION = YES;
				CLANG_WARN_NON_LITERAL_NULL_CONVERSION = YES;
				CLANG_WARN_OBJC_IMPLICIT_RETAIN_SELF = YES;
				CLANG_WARN_OBJC_LITERAL_CONVERSION = YES;
				CLANG_WARN_OBJC_ROOT_CLASS = YES_ERROR;
				CLANG_WARN_QUOTED_INCLUDE_IN_FRAMEWORK_HEADER = YES;
				CLANG_WARN_RANGE_LOOP_ANALYSIS = YES;
				CLANG_WARN_STRICT_PROTOTYPES = YES;
				CLANG_WARN_SUSPICIOUS_MOVE = YES;
				CLANG_WARN_UNGUARDED_AVAILABILITY = YES_AGGRESSIVE;
				CLANG_WARN_UNREACHABLE_CODE = YES;
				CLANG_WARN__DUPLICATE_METHOD_MATCH = YES;
				COPY_PHASE_STRIP = NO;
				DEBUG_INFORMATION_FORMAT = dwarf;
				ENABLE_STRICT_OBJC_MSGSEND = YES;
				ENABLE_TESTABILITY = YES;
				GCC_C_LANGUAGE_STANDARD = gnu11;
				GCC_DYNAMIC_NO_PIC = NO;
				GCC_NO_COMMON_BLOCKS = YES;
				GCC_OPTIMIZATION_LEVEL = 0;
				GCC_PREPROCESSOR_DEFINITIONS = (
					"DEBUG=1",
					"$(inherited)",
				);
				GCC_WARN_64_TO_32_BIT_CONVERSION = YES;
				GCC_WARN_ABOUT_RETURN_TYPE = YES_ERROR;
				GCC_WARN_UNDECLARED_SELECTOR = YES;
				GCC_WARN_UNINITIALIZED_AUTOS = YES_AGGRESSIVE;
				GCC_WARN_UNUSED_FUNCTION = YES;
				GCC_WARN_UNUSED_VARIABLE = YES;
				IPHONEOS_DEPLOYMENT_TARGET = 14.7;
				MTL_ENABLE_DEBUG_INFO = INCLUDE_SOURCE;
				MTL_FAST_MATH = YES;
				ONLY_ACTIVE_ARCH = YES;
				SDKROOT = iphoneos;
				SWIFT_ACTIVE_COMPILATION_CONDITIONS = DEBUG;
				SWIFT_OPTIMIZATION_LEVEL = "-Onone";
			};
			name = Debug;
		};
		9C5C4EA82859C70A008C69F2 /* Release */ = {
			isa = XCBuildConfiguration;
			buildSettings = {
				ALWAYS_SEARCH_USER_PATHS = NO;
				CLANG_ANALYZER_NONNULL = YES;
				CLANG_ANALYZER_NUMBER_OBJECT_CONVERSION = YES_AGGRESSIVE;
				CLANG_CXX_LANGUAGE_STANDARD = "gnu++17";
				CLANG_ENABLE_MODULES = YES;
				CLANG_ENABLE_OBJC_ARC = YES;
				CLANG_ENABLE_OBJC_WEAK = YES;
				CLANG_WARN_BLOCK_CAPTURE_AUTORELEASING = YES;
				CLANG_WARN_BOOL_CONVERSION = YES;
				CLANG_WARN_COMMA = YES;
				CLANG_WARN_CONSTANT_CONVERSION = YES;
				CLANG_WARN_DEPRECATED_OBJC_IMPLEMENTATIONS = YES;
				CLANG_WARN_DIRECT_OBJC_ISA_USAGE = YES_ERROR;
				CLANG_WARN_DOCUMENTATION_COMMENTS = YES;
				CLANG_WARN_EMPTY_BODY = YES;
				CLANG_WARN_ENUM_CONVERSION = YES;
				CLANG_WARN_INFINITE_RECURSION = YES;
				CLANG_WARN_INT_CONVERSION = YES;
				CLANG_WARN_NON_LITERAL_NULL_CONVERSION = YES;
				CLANG_WARN_OBJC_IMPLICIT_RETAIN_SELF = YES;
				CLANG_WARN_OBJC_LITERAL_CONVERSION = YES;
				CLANG_WARN_OBJC_ROOT_CLASS = YES_ERROR;
				CLANG_WARN_QUOTED_INCLUDE_IN_FRAMEWORK_HEADER = YES;
				CLANG_WARN_RANGE_LOOP_ANALYSIS = YES;
				CLANG_WARN_STRICT_PROTOTYPES = YES;
				CLANG_WARN_SUSPICIOUS_MOVE = YES;
				CLANG_WARN_UNGUARDED_AVAILABILITY = YES_AGGRESSIVE;
				CLANG_WARN_UNREACHABLE_CODE = YES;
				CLANG_WARN__DUPLICATE_METHOD_MATCH = YES;
				COPY_PHASE_STRIP = NO;
				DEBUG_INFORMATION_FORMAT = "dwarf-with-dsym";
				ENABLE_NS_ASSERTIONS = NO;
				ENABLE_STRICT_OBJC_MSGSEND = YES;
				GCC_C_LANGUAGE_STANDARD = gnu11;
				GCC_NO_COMMON_BLOCKS = YES;
				GCC_WARN_64_TO_32_BIT_CONVERSION = YES;
				GCC_WARN_ABOUT_RETURN_TYPE = YES_ERROR;
				GCC_WARN_UNDECLARED_SELECTOR = YES;
				GCC_WARN_UNINITIALIZED_AUTOS = YES_AGGRESSIVE;
				GCC_WARN_UNUSED_FUNCTION = YES;
				GCC_WARN_UNUSED_VARIABLE = YES;
				IPHONEOS_DEPLOYMENT_TARGET = 14.7;
				MTL_ENABLE_DEBUG_INFO = NO;
				MTL_FAST_MATH = YES;
				SDKROOT = iphoneos;
				SWIFT_COMPILATION_MODE = wholemodule;
				SWIFT_OPTIMIZATION_LEVEL = "-O";
				VALIDATE_PRODUCT = YES;
			};
			name = Release;
		};
		9C5C4EAA2859C70A008C69F2 /* Debug */ = {
			isa = XCBuildConfiguration;
			buildSettings = {
				ASSETCATALOG_COMPILER_APPICON_NAME = AppIcon;
				ASSETCATALOG_COMPILER_GLOBAL_ACCENT_COLOR_NAME = AccentColor;
				CODE_SIGN_STYLE = Automatic;
				CURRENT_PROJECT_VERSION = 1;
				DEVELOPMENT_TEAM = NWAXZVJAA5;
				GENERATE_INFOPLIST_FILE = YES;
				INFOPLIST_FILE = "SwiftUI + UIKit/Info.plist";
				INFOPLIST_KEY_UIApplicationSupportsIndirectInputEvents = YES;
				INFOPLIST_KEY_UILaunchStoryboardName = LaunchScreen;
				INFOPLIST_KEY_UIMainStoryboardFile = Main;
				INFOPLIST_KEY_UISupportedInterfaceOrientations_iPad = "UIInterfaceOrientationPortrait UIInterfaceOrientationPortraitUpsideDown UIInterfaceOrientationLandscapeLeft UIInterfaceOrientationLandscapeRight";
				INFOPLIST_KEY_UISupportedInterfaceOrientations_iPhone = "UIInterfaceOrientationPortrait UIInterfaceOrientationLandscapeLeft UIInterfaceOrientationLandscapeRight";
				LD_RUNPATH_SEARCH_PATHS = (
					"$(inherited)",
					"@executable_path/Frameworks",
				);
				MARKETING_VERSION = 1.0;
				PRODUCT_BUNDLE_IDENTIFIER = "Omega.SwiftUI---UIKit";
				PRODUCT_NAME = "$(TARGET_NAME)";
				SWIFT_EMIT_LOC_STRINGS = YES;
				SWIFT_VERSION = 5.0;
				TARGETED_DEVICE_FAMILY = "1,2";
			};
			name = Debug;
		};
		9C5C4EAB2859C70A008C69F2 /* Release */ = {
			isa = XCBuildConfiguration;
			buildSettings = {
				ASSETCATALOG_COMPILER_APPICON_NAME = AppIcon;
				ASSETCATALOG_COMPILER_GLOBAL_ACCENT_COLOR_NAME = AccentColor;
				CODE_SIGN_STYLE = Automatic;
				CURRENT_PROJECT_VERSION = 1;
				DEVELOPMENT_TEAM = NWAXZVJAA5;
				GENERATE_INFOPLIST_FILE = YES;
				INFOPLIST_FILE = "SwiftUI + UIKit/Info.plist";
				INFOPLIST_KEY_UIApplicationSupportsIndirectInputEvents = YES;
				INFOPLIST_KEY_UILaunchStoryboardName = LaunchScreen;
				INFOPLIST_KEY_UIMainStoryboardFile = Main;
				INFOPLIST_KEY_UISupportedInterfaceOrientations_iPad = "UIInterfaceOrientationPortrait UIInterfaceOrientationPortraitUpsideDown UIInterfaceOrientationLandscapeLeft UIInterfaceOrientationLandscapeRight";
				INFOPLIST_KEY_UISupportedInterfaceOrientations_iPhone = "UIInterfaceOrientationPortrait UIInterfaceOrientationLandscapeLeft UIInterfaceOrientationLandscapeRight";
				LD_RUNPATH_SEARCH_PATHS = (
					"$(inherited)",
					"@executable_path/Frameworks",
				);
				MARKETING_VERSION = 1.0;
				PRODUCT_BUNDLE_IDENTIFIER = "Omega.SwiftUI---UIKit";
				PRODUCT_NAME = "$(TARGET_NAME)";
				SWIFT_EMIT_LOC_STRINGS = YES;
				SWIFT_VERSION = 5.0;
				TARGETED_DEVICE_FAMILY = "1,2";
			};
			name = Release;
		};
		9C5C4EAD2859C70A008C69F2 /* Debug */ = {
			isa = XCBuildConfiguration;
			buildSettings = {
				ALWAYS_EMBED_SWIFT_STANDARD_LIBRARIES = YES;
				BUNDLE_LOADER = "$(TEST_HOST)";
				CODE_SIGN_STYLE = Automatic;
				CURRENT_PROJECT_VERSION = 1;
				GENERATE_INFOPLIST_FILE = YES;
				IPHONEOS_DEPLOYMENT_TARGET = 15.5;
				MARKETING_VERSION = 1.0;
				PRODUCT_BUNDLE_IDENTIFIER = "Omega.SwiftUI---UIKitTests";
				PRODUCT_NAME = "$(TARGET_NAME)";
				SWIFT_EMIT_LOC_STRINGS = NO;
				SWIFT_VERSION = 5.0;
				TARGETED_DEVICE_FAMILY = "1,2";
				TEST_HOST = "$(BUILT_PRODUCTS_DIR)/SwiftUI + UIKit.app/SwiftUI + UIKit";
			};
			name = Debug;
		};
		9C5C4EAE2859C70A008C69F2 /* Release */ = {
			isa = XCBuildConfiguration;
			buildSettings = {
				ALWAYS_EMBED_SWIFT_STANDARD_LIBRARIES = YES;
				BUNDLE_LOADER = "$(TEST_HOST)";
				CODE_SIGN_STYLE = Automatic;
				CURRENT_PROJECT_VERSION = 1;
				GENERATE_INFOPLIST_FILE = YES;
				IPHONEOS_DEPLOYMENT_TARGET = 15.5;
				MARKETING_VERSION = 1.0;
				PRODUCT_BUNDLE_IDENTIFIER = "Omega.SwiftUI---UIKitTests";
				PRODUCT_NAME = "$(TARGET_NAME)";
				SWIFT_EMIT_LOC_STRINGS = NO;
				SWIFT_VERSION = 5.0;
				TARGETED_DEVICE_FAMILY = "1,2";
				TEST_HOST = "$(BUILT_PRODUCTS_DIR)/SwiftUI + UIKit.app/SwiftUI + UIKit";
			};
			name = Release;
		};
		9C5C4EB02859C70A008C69F2 /* Debug */ = {
			isa = XCBuildConfiguration;
			buildSettings = {
				ALWAYS_EMBED_SWIFT_STANDARD_LIBRARIES = YES;
				CODE_SIGN_STYLE = Automatic;
				CURRENT_PROJECT_VERSION = 1;
				GENERATE_INFOPLIST_FILE = YES;
				MARKETING_VERSION = 1.0;
				PRODUCT_BUNDLE_IDENTIFIER = "Omega.SwiftUI---UIKitUITests";
				PRODUCT_NAME = "$(TARGET_NAME)";
				SWIFT_EMIT_LOC_STRINGS = NO;
				SWIFT_VERSION = 5.0;
				TARGETED_DEVICE_FAMILY = "1,2";
				TEST_TARGET_NAME = "SwiftUI + UIKit";
			};
			name = Debug;
		};
		9C5C4EB12859C70A008C69F2 /* Release */ = {
			isa = XCBuildConfiguration;
			buildSettings = {
				ALWAYS_EMBED_SWIFT_STANDARD_LIBRARIES = YES;
				CODE_SIGN_STYLE = Automatic;
				CURRENT_PROJECT_VERSION = 1;
				GENERATE_INFOPLIST_FILE = YES;
				MARKETING_VERSION = 1.0;
				PRODUCT_BUNDLE_IDENTIFIER = "Omega.SwiftUI---UIKitUITests";
				PRODUCT_NAME = "$(TARGET_NAME)";
				SWIFT_EMIT_LOC_STRINGS = NO;
				SWIFT_VERSION = 5.0;
				TARGETED_DEVICE_FAMILY = "1,2";
				TEST_TARGET_NAME = "SwiftUI + UIKit";
			};
			name = Release;
		};
/* End XCBuildConfiguration section */

/* Begin XCConfigurationList section */
		9C5C4E7A2859C706008C69F2 /* Build configuration list for PBXProject "SwiftUI + UIKit" */ = {
			isa = XCConfigurationList;
			buildConfigurations = (
				9C5C4EA72859C70A008C69F2 /* Debug */,
				9C5C4EA82859C70A008C69F2 /* Release */,
			);
			defaultConfigurationIsVisible = 0;
			defaultConfigurationName = Release;
		};
		9C5C4EA92859C70A008C69F2 /* Build configuration list for PBXNativeTarget "SwiftUI + UIKit" */ = {
			isa = XCConfigurationList;
			buildConfigurations = (
				9C5C4EAA2859C70A008C69F2 /* Debug */,
				9C5C4EAB2859C70A008C69F2 /* Release */,
			);
			defaultConfigurationIsVisible = 0;
			defaultConfigurationName = Release;
		};
		9C5C4EAC2859C70A008C69F2 /* Build configuration list for PBXNativeTarget "SwiftUI + UIKitTests" */ = {
			isa = XCConfigurationList;
			buildConfigurations = (
				9C5C4EAD2859C70A008C69F2 /* Debug */,
				9C5C4EAE2859C70A008C69F2 /* Release */,
			);
			defaultConfigurationIsVisible = 0;
			defaultConfigurationName = Release;
		};
		9C5C4EAF2859C70A008C69F2 /* Build configuration list for PBXNativeTarget "SwiftUI + UIKitUITests" */ = {
			isa = XCConfigurationList;
			buildConfigurations = (
				9C5C4EB02859C70A008C69F2 /* Debug */,
				9C5C4EB12859C70A008C69F2 /* Release */,
			);
			defaultConfigurationIsVisible = 0;
			defaultConfigurationName = Release;
		};
/* End XCConfigurationList section */
	};
	rootObject = 9C5C4E772859C706008C69F2 /* Project object */;
}
