// !$*UTF8*$!
{
	archiveVersion = 1;
	classes = {
	};
	objectVersion = 55;
	objects = {

/* Begin PBXBuildFile section */
		9C0D5C97286999650048C06F /* ObjectDescriptionView.swift in Sources */ = {isa = PBXBuildFile; fileRef = 9C0D5C96286999650048C06F /* ObjectDescriptionView.swift */; };
		9C0D5C9928699B1E0048C06F /* ObjectsViewModel.swift in Sources */ = {isa = PBXBuildFile; fileRef = 9C0D5C9828699B1E0048C06F /* ObjectsViewModel.swift */; };
		9C0D5C9B2869A3480048C06F /* NSObject + extension.swift in Sources */ = {isa = PBXBuildFile; fileRef = 9C0D5C9A2869A3480048C06F /* NSObject + extension.swift */; };
		9C0D5C9D2869A3990048C06F /* View + extension.swift in Sources */ = {isa = PBXBuildFile; fileRef = 9C0D5C9C2869A3990048C06F /* View + extension.swift */; };
		9C0D5CA02869A3E00048C06F /* ViewDidLoadModifier.swift in Sources */ = {isa = PBXBuildFile; fileRef = 9C0D5C9F2869A3E00048C06F /* ViewDidLoadModifier.swift */; };
		9C0D5CA22869DC480048C06F /* Notifications.swift in Sources */ = {isa = PBXBuildFile; fileRef = 9C0D5CA12869DC480048C06F /* Notifications.swift */; };
		9C0D5CA42869DCBD0048C06F /* NotificationName + extension.swift in Sources */ = {isa = PBXBuildFile; fileRef = 9C0D5CA32869DCBD0048C06F /* NotificationName + extension.swift */; };
		9C0D5CA62869E7A90048C06F /* CityButtonInfoView.swift in Sources */ = {isa = PBXBuildFile; fileRef = 9C0D5CA52869E7A90048C06F /* CityButtonInfoView.swift */; };
		9C4B6C1D285C7C9000064537 /* CustomActivityView.swift in Sources */ = {isa = PBXBuildFile; fileRef = 9C4B6C1C285C7C9000064537 /* CustomActivityView.swift */; };
		9C4B6C1F285C82DB00064537 /* CustomActivity.swift in Sources */ = {isa = PBXBuildFile; fileRef = 9C4B6C1E285C82DB00064537 /* CustomActivity.swift */; };
		9C4B6C22285CAA5C00064537 /* LocationManager.swift in Sources */ = {isa = PBXBuildFile; fileRef = 9C4B6C21285CAA5C00064537 /* LocationManager.swift */; };
		9C4B6C25285CC67000064537 /* CityObjectsView.swift in Sources */ = {isa = PBXBuildFile; fileRef = 9C4B6C24285CC67000064537 /* CityObjectsView.swift */; };
		9C5C4E832859C706008C69F2 /* AppDelegate.swift in Sources */ = {isa = PBXBuildFile; fileRef = 9C5C4E822859C706008C69F2 /* AppDelegate.swift */; };
		9C5C4E8A2859C706008C69F2 /* Main.storyboard in Resources */ = {isa = PBXBuildFile; fileRef = 9C5C4E882859C706008C69F2 /* Main.storyboard */; };
		9C5C4E8C2859C709008C69F2 /* Assets.xcassets in Resources */ = {isa = PBXBuildFile; fileRef = 9C5C4E8B2859C709008C69F2 /* Assets.xcassets */; };
		9C5C4EB92859C743008C69F2 /* MainScreen.storyboard in Resources */ = {isa = PBXBuildFile; fileRef = 9C5C4EB32859C743008C69F2 /* MainScreen.storyboard */; };
		9C5C4EBA2859C743008C69F2 /* MainScreenPresenter.swift in Sources */ = {isa = PBXBuildFile; fileRef = 9C5C4EB42859C743008C69F2 /* MainScreenPresenter.swift */; };
		9C5C4EBB2859C743008C69F2 /* MainScreenRouter.swift in Sources */ = {isa = PBXBuildFile; fileRef = 9C5C4EB52859C743008C69F2 /* MainScreenRouter.swift */; };
		9C5C4EBC2859C743008C69F2 /* MainScreenViewController.swift in Sources */ = {isa = PBXBuildFile; fileRef = 9C5C4EB62859C743008C69F2 /* MainScreenViewController.swift */; };
		9C5C4EBD2859C743008C69F2 /* MainScreenProtocols.swift in Sources */ = {isa = PBXBuildFile; fileRef = 9C5C4EB72859C743008C69F2 /* MainScreenProtocols.swift */; };
		9C5C4EBE2859C743008C69F2 /* MainScreenConfigurator.swift in Sources */ = {isa = PBXBuildFile; fileRef = 9C5C4EB82859C743008C69F2 /* MainScreenConfigurator.swift */; };
		9C5C4EC02859D01E008C69F2 /* CityTableViewCell.xib in Resources */ = {isa = PBXBuildFile; fileRef = 9C5C4EBF2859D01E008C69F2 /* CityTableViewCell.xib */; };
		9C5C4EC32859D0B5008C69F2 /* CityTableViewCell.swift in Sources */ = {isa = PBXBuildFile; fileRef = 9C5C4EC22859D0B5008C69F2 /* CityTableViewCell.swift */; };
		9C5C4EC52859D187008C69F2 /* UITableView + extension.swift in Sources */ = {isa = PBXBuildFile; fileRef = 9C5C4EC42859D187008C69F2 /* UITableView + extension.swift */; };
		9C5C4EC82859E0AD008C69F2 /* CityInfoView.swift in Sources */ = {isa = PBXBuildFile; fileRef = 9C5C4EC72859E0AD008C69F2 /* CityInfoView.swift */; };
		9C5C4ECA2859FC98008C69F2 /* City.swift in Sources */ = {isa = PBXBuildFile; fileRef = 9C5C4EC92859FC98008C69F2 /* City.swift */; };
		9C5C4ECE285A207A008C69F2 /* CityViewModel.swift in Sources */ = {isa = PBXBuildFile; fileRef = 9C5C4ECD285A207A008C69F2 /* CityViewModel.swift */; };
		9C658DFA28647D730023DAB0 /* Object.swift in Sources */ = {isa = PBXBuildFile; fileRef = 9C658DF928647D730023DAB0 /* Object.swift */; };
		9C723D06285B228500B2D09E /* CityDescriptionView.swift in Sources */ = {isa = PBXBuildFile; fileRef = 9C723D05285B228500B2D09E /* CityDescriptionView.swift */; };
		9C91BA97286AD4B400D3C5B7 /* CityImageView.swift in Sources */ = {isa = PBXBuildFile; fileRef = 9C91BA96286AD4B400D3C5B7 /* CityImageView.swift */; };
		9C91BA99286AF87900D3C5B7 /* Colors.xcassets in Resources */ = {isa = PBXBuildFile; fileRef = 9C91BA98286AF87900D3C5B7 /* Colors.xcassets */; };
		9C91BA9C286AF91E00D3C5B7 /* Color .swift in Sources */ = {isa = PBXBuildFile; fileRef = 9C91BA9B286AF91E00D3C5B7 /* Color .swift */; };
		9C91BA9E286B02C400D3C5B7 /* Theme.swift in Sources */ = {isa = PBXBuildFile; fileRef = 9C91BA9D286B02C400D3C5B7 /* Theme.swift */; };
		9C91BAA1286B167700D3C5B7 /* Introspect in Frameworks */ = {isa = PBXBuildFile; productRef = 9C91BAA0286B167700D3C5B7 /* Introspect */; };
		9C91BAA3286C392400D3C5B7 /* ObjectDescriptionModel.swift in Sources */ = {isa = PBXBuildFile; fileRef = 9C91BAA2286C392400D3C5B7 /* ObjectDescriptionModel.swift */; };
		9C91BAA6286C8FF800D3C5B7 /* TopBar.swift in Sources */ = {isa = PBXBuildFile; fileRef = 9C91BAA5286C8FF800D3C5B7 /* TopBar.swift */; };
		9C91BAAB286C957C00D3C5B7 /* OffsetModifier.swift in Sources */ = {isa = PBXBuildFile; fileRef = 9C91BAAA286C957C00D3C5B7 /* OffsetModifier.swift */; };
		9C91BAAD286C9B1D00D3C5B7 /* Descriptions.swift in Sources */ = {isa = PBXBuildFile; fileRef = 9C91BAAC286C9B1D00D3C5B7 /* Descriptions.swift */; };
		9C91BAB3286D794D00D3C5B7 /* TopBarModel.swift in Sources */ = {isa = PBXBuildFile; fileRef = 9C91BAB2286D794D00D3C5B7 /* TopBarModel.swift */; };
/* End PBXBuildFile section */

/* Begin PBXContainerItemProxy section */
		9C5C4E962859C709008C69F2 /* PBXContainerItemProxy */ = {
			isa = PBXContainerItemProxy;
			containerPortal = 9C5C4E772859C706008C69F2 /* Project object */;
			proxyType = 1;
			remoteGlobalIDString = 9C5C4E7E2859C706008C69F2;
			remoteInfo = "SwiftUI + UIKit";
		};
		9C5C4EA02859C70A008C69F2 /* PBXContainerItemProxy */ = {
			isa = PBXContainerItemProxy;
			containerPortal = 9C5C4E772859C706008C69F2 /* Project object */;
			proxyType = 1;
			remoteGlobalIDString = 9C5C4E7E2859C706008C69F2;
			remoteInfo = "SwiftUI + UIKit";
		};
/* End PBXContainerItemProxy section */

/* Begin PBXFileReference section */
		9C0D5C96286999650048C06F /* ObjectDescriptionView.swift */ = {isa = PBXFileReference; lastKnownFileType = sourcecode.swift; path = ObjectDescriptionView.swift; sourceTree = "<group>"; };
		9C0D5C9828699B1E0048C06F /* ObjectsViewModel.swift */ = {isa = PBXFileReference; lastKnownFileType = sourcecode.swift; path = ObjectsViewModel.swift; sourceTree = "<group>"; };
		9C0D5C9A2869A3480048C06F /* NSObject + extension.swift */ = {isa = PBXFileReference; lastKnownFileType = sourcecode.swift; path = "NSObject + extension.swift"; sourceTree = "<group>"; };
		9C0D5C9C2869A3990048C06F /* View + extension.swift */ = {isa = PBXFileReference; lastKnownFileType = sourcecode.swift; path = "View + extension.swift"; sourceTree = "<group>"; };
		9C0D5C9F2869A3E00048C06F /* ViewDidLoadModifier.swift */ = {isa = PBXFileReference; lastKnownFileType = sourcecode.swift; path = ViewDidLoadModifier.swift; sourceTree = "<group>"; };
		9C0D5CA12869DC480048C06F /* Notifications.swift */ = {isa = PBXFileReference; lastKnownFileType = sourcecode.swift; path = Notifications.swift; sourceTree = "<group>"; };
		9C0D5CA32869DCBD0048C06F /* NotificationName + extension.swift */ = {isa = PBXFileReference; lastKnownFileType = sourcecode.swift; path = "NotificationName + extension.swift"; sourceTree = "<group>"; };
		9C0D5CA52869E7A90048C06F /* CityButtonInfoView.swift */ = {isa = PBXFileReference; lastKnownFileType = sourcecode.swift; path = CityButtonInfoView.swift; sourceTree = "<group>"; };
		9C4B6C1C285C7C9000064537 /* CustomActivityView.swift */ = {isa = PBXFileReference; lastKnownFileType = sourcecode.swift; path = CustomActivityView.swift; sourceTree = "<group>"; };
		9C4B6C1E285C82DB00064537 /* CustomActivity.swift */ = {isa = PBXFileReference; lastKnownFileType = sourcecode.swift; path = CustomActivity.swift; sourceTree = "<group>"; };
		9C4B6C21285CAA5C00064537 /* LocationManager.swift */ = {isa = PBXFileReference; lastKnownFileType = sourcecode.swift; path = LocationManager.swift; sourceTree = "<group>"; };
		9C4B6C24285CC67000064537 /* CityObjectsView.swift */ = {isa = PBXFileReference; lastKnownFileType = sourcecode.swift; path = CityObjectsView.swift; sourceTree = "<group>"; };
		9C5C4E7F2859C706008C69F2 /* City Guide.app */ = {isa = PBXFileReference; explicitFileType = wrapper.application; includeInIndex = 0; path = "City Guide.app"; sourceTree = BUILT_PRODUCTS_DIR; };
		9C5C4E822859C706008C69F2 /* AppDelegate.swift */ = {isa = PBXFileReference; lastKnownFileType = sourcecode.swift; path = AppDelegate.swift; sourceTree = "<group>"; };
		9C5C4E892859C706008C69F2 /* Base */ = {isa = PBXFileReference; lastKnownFileType = file.storyboard; name = Base; path = Base.lproj/Main.storyboard; sourceTree = "<group>"; };
		9C5C4E8B2859C709008C69F2 /* Assets.xcassets */ = {isa = PBXFileReference; lastKnownFileType = folder.assetcatalog; path = Assets.xcassets; sourceTree = "<group>"; };
		9C5C4E902859C709008C69F2 /* Info.plist */ = {isa = PBXFileReference; lastKnownFileType = text.plist.xml; path = Info.plist; sourceTree = "<group>"; };
		9C5C4E952859C709008C69F2 /* City GuideTests.xctest */ = {isa = PBXFileReference; explicitFileType = wrapper.cfbundle; includeInIndex = 0; path = "City GuideTests.xctest"; sourceTree = BUILT_PRODUCTS_DIR; };
		9C5C4E9F2859C70A008C69F2 /* City GuideUITests.xctest */ = {isa = PBXFileReference; explicitFileType = wrapper.cfbundle; includeInIndex = 0; path = "City GuideUITests.xctest"; sourceTree = BUILT_PRODUCTS_DIR; };
		9C5C4EB32859C743008C69F2 /* MainScreen.storyboard */ = {isa = PBXFileReference; lastKnownFileType = file.storyboard; path = MainScreen.storyboard; sourceTree = "<group>"; };
		9C5C4EB42859C743008C69F2 /* MainScreenPresenter.swift */ = {isa = PBXFileReference; lastKnownFileType = sourcecode.swift; path = MainScreenPresenter.swift; sourceTree = "<group>"; };
		9C5C4EB52859C743008C69F2 /* MainScreenRouter.swift */ = {isa = PBXFileReference; lastKnownFileType = sourcecode.swift; path = MainScreenRouter.swift; sourceTree = "<group>"; };
		9C5C4EB62859C743008C69F2 /* MainScreenViewController.swift */ = {isa = PBXFileReference; lastKnownFileType = sourcecode.swift; path = MainScreenViewController.swift; sourceTree = "<group>"; };
		9C5C4EB72859C743008C69F2 /* MainScreenProtocols.swift */ = {isa = PBXFileReference; lastKnownFileType = sourcecode.swift; path = MainScreenProtocols.swift; sourceTree = "<group>"; };
		9C5C4EB82859C743008C69F2 /* MainScreenConfigurator.swift */ = {isa = PBXFileReference; lastKnownFileType = sourcecode.swift; path = MainScreenConfigurator.swift; sourceTree = "<group>"; };
		9C5C4EBF2859D01E008C69F2 /* CityTableViewCell.xib */ = {isa = PBXFileReference; lastKnownFileType = file.xib; path = CityTableViewCell.xib; sourceTree = "<group>"; };
		9C5C4EC22859D0B5008C69F2 /* CityTableViewCell.swift */ = {isa = PBXFileReference; lastKnownFileType = sourcecode.swift; path = CityTableViewCell.swift; sourceTree = "<group>"; };
		9C5C4EC42859D187008C69F2 /* UITableView + extension.swift */ = {isa = PBXFileReference; lastKnownFileType = sourcecode.swift; path = "UITableView + extension.swift"; sourceTree = "<group>"; };
		9C5C4EC72859E0AD008C69F2 /* CityInfoView.swift */ = {isa = PBXFileReference; lastKnownFileType = sourcecode.swift; path = CityInfoView.swift; sourceTree = "<group>"; };
		9C5C4EC92859FC98008C69F2 /* City.swift */ = {isa = PBXFileReference; lastKnownFileType = sourcecode.swift; path = City.swift; sourceTree = "<group>"; };
		9C5C4ECD285A207A008C69F2 /* CityViewModel.swift */ = {isa = PBXFileReference; lastKnownFileType = sourcecode.swift; path = CityViewModel.swift; sourceTree = "<group>"; };
		9C658DF928647D730023DAB0 /* Object.swift */ = {isa = PBXFileReference; lastKnownFileType = sourcecode.swift; path = Object.swift; sourceTree = "<group>"; };
		9C723D05285B228500B2D09E /* CityDescriptionView.swift */ = {isa = PBXFileReference; lastKnownFileType = sourcecode.swift; path = CityDescriptionView.swift; sourceTree = "<group>"; };
		9C91BA96286AD4B400D3C5B7 /* CityImageView.swift */ = {isa = PBXFileReference; lastKnownFileType = sourcecode.swift; path = CityImageView.swift; sourceTree = "<group>"; };
		9C91BA98286AF87900D3C5B7 /* Colors.xcassets */ = {isa = PBXFileReference; lastKnownFileType = folder.assetcatalog; path = Colors.xcassets; sourceTree = "<group>"; };
		9C91BA9B286AF91E00D3C5B7 /* Color .swift */ = {isa = PBXFileReference; lastKnownFileType = sourcecode.swift; path = "Color .swift"; sourceTree = "<group>"; };
		9C91BA9D286B02C400D3C5B7 /* Theme.swift */ = {isa = PBXFileReference; lastKnownFileType = sourcecode.swift; path = Theme.swift; sourceTree = "<group>"; };
		9C91BAA2286C392400D3C5B7 /* ObjectDescriptionModel.swift */ = {isa = PBXFileReference; lastKnownFileType = sourcecode.swift; path = ObjectDescriptionModel.swift; sourceTree = "<group>"; };
		9C91BAA5286C8FF800D3C5B7 /* TopBar.swift */ = {isa = PBXFileReference; lastKnownFileType = sourcecode.swift; path = TopBar.swift; sourceTree = "<group>"; };
		9C91BAAA286C957C00D3C5B7 /* OffsetModifier.swift */ = {isa = PBXFileReference; lastKnownFileType = sourcecode.swift; path = OffsetModifier.swift; sourceTree = "<group>"; };
		9C91BAAC286C9B1D00D3C5B7 /* Descriptions.swift */ = {isa = PBXFileReference; lastKnownFileType = sourcecode.swift; path = Descriptions.swift; sourceTree = "<group>"; };
		9C91BAB2286D794D00D3C5B7 /* TopBarModel.swift */ = {isa = PBXFileReference; lastKnownFileType = sourcecode.swift; path = TopBarModel.swift; sourceTree = "<group>"; };
/* End PBXFileReference section */

/* Begin PBXFrameworksBuildPhase section */
		9C5C4E7C2859C706008C69F2 /* Frameworks */ = {
			isa = PBXFrameworksBuildPhase;
			buildActionMask = 2147483647;
			files = (
				9C91BAA1286B167700D3C5B7 /* Introspect in Frameworks */,
			);
			runOnlyForDeploymentPostprocessing = 0;
		};
		9C5C4E922859C709008C69F2 /* Frameworks */ = {
			isa = PBXFrameworksBuildPhase;
			buildActionMask = 2147483647;
			files = (
			);
			runOnlyForDeploymentPostprocessing = 0;
		};
		9C5C4E9C2859C70A008C69F2 /* Frameworks */ = {
			isa = PBXFrameworksBuildPhase;
			buildActionMask = 2147483647;
			files = (
			);
			runOnlyForDeploymentPostprocessing = 0;
		};
/* End PBXFrameworksBuildPhase section */

/* Begin PBXGroup section */
		9C0D5C9E2869A3BE0048C06F /* Extensions */ = {
			isa = PBXGroup;
			children = (
				9C0D5C9C2869A3990048C06F /* View + extension.swift */,
				9C0D5C9A2869A3480048C06F /* NSObject + extension.swift */,
				9C5C4EC42859D187008C69F2 /* UITableView + extension.swift */,
				9C0D5CA32869DCBD0048C06F /* NotificationName + extension.swift */,
			);
			path = Extensions;
			sourceTree = "<group>";
		};
		9C4B6C1B285C7C7100064537 /* CustomActivityView */ = {
			isa = PBXGroup;
			children = (
				9C4B6C1C285C7C9000064537 /* CustomActivityView.swift */,
				9C4B6C1E285C82DB00064537 /* CustomActivity.swift */,
			);
			path = CustomActivityView;
			sourceTree = "<group>";
		};
		9C4B6C20285CAA3800064537 /* Helpers */ = {
			isa = PBXGroup;
			children = (
				9C91BAA9286C956500D3C5B7 /* Modifiers */,
				9C4B6C1B285C7C7100064537 /* CustomActivityView */,
				9C0D5C9E2869A3BE0048C06F /* Extensions */,
				9C4B6C21285CAA5C00064537 /* LocationManager.swift */,
				9C0D5C9F2869A3E00048C06F /* ViewDidLoadModifier.swift */,
				9C0D5CA12869DC480048C06F /* Notifications.swift */,
				9C91BA9D286B02C400D3C5B7 /* Theme.swift */,
			);
			path = Helpers;
			sourceTree = "<group>";
		};
		9C4B6C23285CC5F100064537 /* Models */ = {
			isa = PBXGroup;
			children = (
				9C91BAAC286C9B1D00D3C5B7 /* Descriptions.swift */,
				9C5C4ECD285A207A008C69F2 /* CityViewModel.swift */,
				9C5C4EC92859FC98008C69F2 /* City.swift */,
				9C658DF928647D730023DAB0 /* Object.swift */,
				9C0D5C9828699B1E0048C06F /* ObjectsViewModel.swift */,
				9C91BAA2286C392400D3C5B7 /* ObjectDescriptionModel.swift */,
				9C91BAB2286D794D00D3C5B7 /* TopBarModel.swift */,
			);
			path = Models;
			sourceTree = "<group>";
		};
		9C5C4E762859C706008C69F2 = {
			isa = PBXGroup;
			children = (
				9C5C4E812859C706008C69F2 /* SwiftUI + UIKit */,
				9C5C4E802859C706008C69F2 /* Products */,
			);
			sourceTree = "<group>";
		};
		9C5C4E802859C706008C69F2 /* Products */ = {
			isa = PBXGroup;
			children = (
				9C5C4E7F2859C706008C69F2 /* City Guide.app */,
				9C5C4E952859C709008C69F2 /* City GuideTests.xctest */,
				9C5C4E9F2859C70A008C69F2 /* City GuideUITests.xctest */,
			);
			name = Products;
			sourceTree = "<group>";
		};
		9C5C4E812859C706008C69F2 /* SwiftUI + UIKit */ = {
			isa = PBXGroup;
			children = (
				9C91BAAE286D75E000D3C5B7 /* Screens */,
				9C91BA9A286AF87F00D3C5B7 /* Resources */,
				9C4B6C23285CC5F100064537 /* Models */,
				9C4B6C20285CAA3800064537 /* Helpers */,
				9C5C4E822859C706008C69F2 /* AppDelegate.swift */,
				9C5C4E882859C706008C69F2 /* Main.storyboard */,
				9C5C4E902859C709008C69F2 /* Info.plist */,
			);
			path = "SwiftUI + UIKit";
			sourceTree = "<group>";
		};
		9C5C4EB22859C71E008C69F2 /* MainScreen */ = {
			isa = PBXGroup;
			children = (
				9C5C4EC12859D09F008C69F2 /* CityTableViewCell */,
				9C5C4EB32859C743008C69F2 /* MainScreen.storyboard */,
				9C5C4EB42859C743008C69F2 /* MainScreenPresenter.swift */,
				9C5C4EB52859C743008C69F2 /* MainScreenRouter.swift */,
				9C5C4EB62859C743008C69F2 /* MainScreenViewController.swift */,
				9C5C4EB72859C743008C69F2 /* MainScreenProtocols.swift */,
				9C5C4EB82859C743008C69F2 /* MainScreenConfigurator.swift */,
			);
			path = MainScreen;
			sourceTree = "<group>";
		};
		9C5C4EC12859D09F008C69F2 /* CityTableViewCell */ = {
			isa = PBXGroup;
			children = (
				9C5C4EBF2859D01E008C69F2 /* CityTableViewCell.xib */,
				9C5C4EC22859D0B5008C69F2 /* CityTableViewCell.swift */,
			);
			path = CityTableViewCell;
			sourceTree = "<group>";
		};
		9C5C4EC62859E08D008C69F2 /* CityObjects */ = {
			isa = PBXGroup;
			children = (
				9C4B6C24285CC67000064537 /* CityObjectsView.swift */,
			);
			path = CityObjects;
			sourceTree = "<group>";
		};
		9C91BA95286AD49600D3C5B7 /* CityInfo */ = {
			isa = PBXGroup;
			children = (
				9C0D5CA52869E7A90048C06F /* CityButtonInfoView.swift */,
				9C5C4EC72859E0AD008C69F2 /* CityInfoView.swift */,
				9C91BA96286AD4B400D3C5B7 /* CityImageView.swift */,
			);
			path = CityInfo;
			sourceTree = "<group>";
		};
		9C91BA9A286AF87F00D3C5B7 /* Resources */ = {
			isa = PBXGroup;
			children = (
				9C91BA98286AF87900D3C5B7 /* Colors.xcassets */,
				9C5C4E8B2859C709008C69F2 /* Assets.xcassets */,
				9C91BA9B286AF91E00D3C5B7 /* Color .swift */,
			);
			path = Resources;
			sourceTree = "<group>";
		};
		9C91BAA4286C8FD500D3C5B7 /* ObjectDescription */ = {
			isa = PBXGroup;
			children = (
				9C0D5C96286999650048C06F /* ObjectDescriptionView.swift */,
				9C91BAA5286C8FF800D3C5B7 /* TopBar.swift */,
			);
			path = ObjectDescription;
			sourceTree = "<group>";
		};
		9C91BAA9286C956500D3C5B7 /* Modifiers */ = {
			isa = PBXGroup;
			children = (
				9C91BAAA286C957C00D3C5B7 /* OffsetModifier.swift */,
			);
			path = Modifiers;
			sourceTree = "<group>";
		};
		9C91BAAE286D75E000D3C5B7 /* Screens */ = {
			isa = PBXGroup;
			children = (
				9C91BAB0286D760500D3C5B7 /* SwiftUIScreens */,
				9C91BAAF286D75EE00D3C5B7 /* UIKitScreens */,
			);
			path = Screens;
			sourceTree = "<group>";
		};
		9C91BAAF286D75EE00D3C5B7 /* UIKitScreens */ = {
			isa = PBXGroup;
			children = (
				9C5C4EB22859C71E008C69F2 /* MainScreen */,
			);
			path = UIKitScreens;
			sourceTree = "<group>";
		};
		9C91BAB0286D760500D3C5B7 /* SwiftUIScreens */ = {
			isa = PBXGroup;
			children = (
				9C91BAB1286D763000D3C5B7 /* CityDescription */,
				9C91BA95286AD49600D3C5B7 /* CityInfo */,
				9C91BAA4286C8FD500D3C5B7 /* ObjectDescription */,
				9C5C4EC62859E08D008C69F2 /* CityObjects */,
			);
			path = SwiftUIScreens;
			sourceTree = "<group>";
		};
		9C91BAB1286D763000D3C5B7 /* CityDescription */ = {
			isa = PBXGroup;
			children = (
				9C723D05285B228500B2D09E /* CityDescriptionView.swift */,
			);
			path = CityDescription;
			sourceTree = "<group>";
		};
/* End PBXGroup section */

/* Begin PBXNativeTarget section */
		9C5C4E7E2859C706008C69F2 /* City Guide */ = {
			isa = PBXNativeTarget;
			buildConfigurationList = 9C5C4EA92859C70A008C69F2 /* Build configuration list for PBXNativeTarget "City Guide" */;
			buildPhases = (
				9C5C4E7B2859C706008C69F2 /* Sources */,
				9C5C4E7C2859C706008C69F2 /* Frameworks */,
				9C5C4E7D2859C706008C69F2 /* Resources */,
			);
			buildRules = (
			);
			dependencies = (
			);
			name = "City Guide";
			packageProductDependencies = (
				9C91BAA0286B167700D3C5B7 /* Introspect */,
			);
			productName = "SwiftUI + UIKit";
			productReference = 9C5C4E7F2859C706008C69F2 /* City Guide.app */;
			productType = "com.apple.product-type.application";
		};
		9C5C4E942859C709008C69F2 /* City GuideTests */ = {
			isa = PBXNativeTarget;
			buildConfigurationList = 9C5C4EAC2859C70A008C69F2 /* Build configuration list for PBXNativeTarget "City GuideTests" */;
			buildPhases = (
				9C5C4E912859C709008C69F2 /* Sources */,
				9C5C4E922859C709008C69F2 /* Frameworks */,
				9C5C4E932859C709008C69F2 /* Resources */,
			);
			buildRules = (
			);
			dependencies = (
				9C5C4E972859C709008C69F2 /* PBXTargetDependency */,
			);
			name = "City GuideTests";
			productName = "SwiftUI + UIKitTests";
			productReference = 9C5C4E952859C709008C69F2 /* City GuideTests.xctest */;
			productType = "com.apple.product-type.bundle.unit-test";
		};
		9C5C4E9E2859C70A008C69F2 /* City GuideUITests */ = {
			isa = PBXNativeTarget;
			buildConfigurationList = 9C5C4EAF2859C70A008C69F2 /* Build configuration list for PBXNativeTarget "City GuideUITests" */;
			buildPhases = (
				9C5C4E9B2859C70A008C69F2 /* Sources */,
				9C5C4E9C2859C70A008C69F2 /* Frameworks */,
				9C5C4E9D2859C70A008C69F2 /* Resources */,
			);
			buildRules = (
			);
			dependencies = (
				9C5C4EA12859C70A008C69F2 /* PBXTargetDependency */,
			);
			name = "City GuideUITests";
			productName = "SwiftUI + UIKitUITests";
			productReference = 9C5C4E9F2859C70A008C69F2 /* City GuideUITests.xctest */;
			productType = "com.apple.product-type.bundle.ui-testing";
		};
/* End PBXNativeTarget section */

/* Begin PBXProject section */
		9C5C4E772859C706008C69F2 /* Project object */ = {
			isa = PBXProject;
			attributes = {
				BuildIndependentTargetsInParallel = 1;
				LastSwiftUpdateCheck = 1340;
				LastUpgradeCheck = 1340;
				TargetAttributes = {
					9C5C4E7E2859C706008C69F2 = {
						CreatedOnToolsVersion = 13.4.1;
					};
					9C5C4E942859C709008C69F2 = {
						CreatedOnToolsVersion = 13.4.1;
						TestTargetID = 9C5C4E7E2859C706008C69F2;
					};
					9C5C4E9E2859C70A008C69F2 = {
						CreatedOnToolsVersion = 13.4.1;
						TestTargetID = 9C5C4E7E2859C706008C69F2;
					};
				};
			};
			buildConfigurationList = 9C5C4E7A2859C706008C69F2 /* Build configuration list for PBXProject "City Guide" */;
			compatibilityVersion = "Xcode 13.0";
			developmentRegion = en;
			hasScannedForEncodings = 0;
			knownRegions = (
				en,
				Base,
			);
			mainGroup = 9C5C4E762859C706008C69F2;
			packageReferences = (
				9C91BA9F286B167700D3C5B7 /* XCRemoteSwiftPackageReference "SwiftUI-Introspect" */,
			);
			productRefGroup = 9C5C4E802859C706008C69F2 /* Products */;
			projectDirPath = "";
			projectRoot = "";
			targets = (
				9C5C4E7E2859C706008C69F2 /* City Guide */,
				9C5C4E942859C709008C69F2 /* City GuideTests */,
				9C5C4E9E2859C70A008C69F2 /* City GuideUITests */,
			);
		};
/* End PBXProject section */

/* Begin PBXResourcesBuildPhase section */
		9C5C4E7D2859C706008C69F2 /* Resources */ = {
			isa = PBXResourcesBuildPhase;
			buildActionMask = 2147483647;
			files = (
				9C5C4EC02859D01E008C69F2 /* CityTableViewCell.xib in Resources */,
				9C5C4EB92859C743008C69F2 /* MainScreen.storyboard in Resources */,
				9C91BA99286AF87900D3C5B7 /* Colors.xcassets in Resources */,
				9C5C4E8C2859C709008C69F2 /* Assets.xcassets in Resources */,
				9C5C4E8A2859C706008C69F2 /* Main.storyboard in Resources */,
			);
			runOnlyForDeploymentPostprocessing = 0;
		};
		9C5C4E932859C709008C69F2 /* Resources */ = {
			isa = PBXResourcesBuildPhase;
			buildActionMask = 2147483647;
			files = (
			);
			runOnlyForDeploymentPostprocessing = 0;
		};
		9C5C4E9D2859C70A008C69F2 /* Resources */ = {
			isa = PBXResourcesBuildPhase;
			buildActionMask = 2147483647;
			files = (
			);
			runOnlyForDeploymentPostprocessing = 0;
		};
/* End PBXResourcesBuildPhase section */

/* Begin PBXSourcesBuildPhase section */
		9C5C4E7B2859C706008C69F2 /* Sources */ = {
			isa = PBXSourcesBuildPhase;
			buildActionMask = 2147483647;
			files = (
				9C91BAAB286C957C00D3C5B7 /* OffsetModifier.swift in Sources */,
				9C0D5CA22869DC480048C06F /* Notifications.swift in Sources */,
				9C0D5CA42869DCBD0048C06F /* NotificationName + extension.swift in Sources */,
				9C0D5C97286999650048C06F /* ObjectDescriptionView.swift in Sources */,
				9C91BAAD286C9B1D00D3C5B7 /* Descriptions.swift in Sources */,
				9C5C4ECA2859FC98008C69F2 /* City.swift in Sources */,
				9C5C4ECE285A207A008C69F2 /* CityViewModel.swift in Sources */,
				9C4B6C22285CAA5C00064537 /* LocationManager.swift in Sources */,
				9C5C4EBA2859C743008C69F2 /* MainScreenPresenter.swift in Sources */,
				9C91BAA6286C8FF800D3C5B7 /* TopBar.swift in Sources */,
				9C0D5CA62869E7A90048C06F /* CityButtonInfoView.swift in Sources */,
				9C658DFA28647D730023DAB0 /* Object.swift in Sources */,
				9C91BAA3286C392400D3C5B7 /* ObjectDescriptionModel.swift in Sources */,
				9C91BA97286AD4B400D3C5B7 /* CityImageView.swift in Sources */,
				9C0D5C9928699B1E0048C06F /* ObjectsViewModel.swift in Sources */,
				9C0D5C9D2869A3990048C06F /* View + extension.swift in Sources */,
				9C5C4EC52859D187008C69F2 /* UITableView + extension.swift in Sources */,
				9C723D06285B228500B2D09E /* CityDescriptionView.swift in Sources */,
				9C5C4EC32859D0B5008C69F2 /* CityTableViewCell.swift in Sources */,
				9C5C4E832859C706008C69F2 /* AppDelegate.swift in Sources */,
				9C5C4EBD2859C743008C69F2 /* MainScreenProtocols.swift in Sources */,
				9C91BAB3286D794D00D3C5B7 /* TopBarModel.swift in Sources */,
				9C4B6C1D285C7C9000064537 /* CustomActivityView.swift in Sources */,
				9C0D5C9B2869A3480048C06F /* NSObject + extension.swift in Sources */,
				9C5C4EBB2859C743008C69F2 /* MainScreenRouter.swift in Sources */,
				9C5C4EBC2859C743008C69F2 /* MainScreenViewController.swift in Sources */,
				9C91BA9E286B02C400D3C5B7 /* Theme.swift in Sources */,
				9C91BA9C286AF91E00D3C5B7 /* Color .swift in Sources */,
				9C5C4EC82859E0AD008C69F2 /* CityInfoView.swift in Sources */,
				9C5C4EBE2859C743008C69F2 /* MainScreenConfigurator.swift in Sources */,
				9C4B6C25285CC67000064537 /* CityObjectsView.swift in Sources */,
				9C4B6C1F285C82DB00064537 /* CustomActivity.swift in Sources */,
				9C0D5CA02869A3E00048C06F /* ViewDidLoadModifier.swift in Sources */,
			);
			runOnlyForDeploymentPostprocessing = 0;
		};
		9C5C4E912859C709008C69F2 /* Sources */ = {
			isa = PBXSourcesBuildPhase;
			buildActionMask = 2147483647;
			files = (
			);
			runOnlyForDeploymentPostprocessing = 0;
		};
		9C5C4E9B2859C70A008C69F2 /* Sources */ = {
			isa = PBXSourcesBuildPhase;
			buildActionMask = 2147483647;
			files = (
			);
			runOnlyForDeploymentPostprocessing = 0;
		};
/* End PBXSourcesBuildPhase section */

/* Begin PBXTargetDependency section */
		9C5C4E972859C709008C69F2 /* PBXTargetDependency */ = {
			isa = PBXTargetDependency;
			target = 9C5C4E7E2859C706008C69F2 /* City Guide */;
			targetProxy = 9C5C4E962859C709008C69F2 /* PBXContainerItemProxy */;
		};
		9C5C4EA12859C70A008C69F2 /* PBXTargetDependency */ = {
			isa = PBXTargetDependency;
			target = 9C5C4E7E2859C706008C69F2 /* City Guide */;
			targetProxy = 9C5C4EA02859C70A008C69F2 /* PBXContainerItemProxy */;
		};
/* End PBXTargetDependency section */

/* Begin PBXVariantGroup section */
		9C5C4E882859C706008C69F2 /* Main.storyboard */ = {
			isa = PBXVariantGroup;
			children = (
				9C5C4E892859C706008C69F2 /* Base */,
			);
			name = Main.storyboard;
			sourceTree = "<group>";
		};
/* End PBXVariantGroup section */

/* Begin XCBuildConfiguration section */
		9C5C4EA72859C70A008C69F2 /* Debug */ = {
			isa = XCBuildConfiguration;
			buildSettings = {
				ALWAYS_SEARCH_USER_PATHS = NO;
				CLANG_ANALYZER_NONNULL = YES;
				CLANG_ANALYZER_NUMBER_OBJECT_CONVERSION = YES_AGGRESSIVE;
				CLANG_CXX_LANGUAGE_STANDARD = "gnu++17";
				CLANG_ENABLE_MODULES = YES;
				CLANG_ENABLE_OBJC_ARC = YES;
				CLANG_ENABLE_OBJC_WEAK = YES;
				CLANG_WARN_BLOCK_CAPTURE_AUTORELEASING = YES;
				CLANG_WARN_BOOL_CONVERSION = YES;
				CLANG_WARN_COMMA = YES;
				CLANG_WARN_CONSTANT_CONVERSION = YES;
				CLANG_WARN_DEPRECATED_OBJC_IMPLEMENTATIONS = YES;
				CLANG_WARN_DIRECT_OBJC_ISA_USAGE = YES_ERROR;
				CLANG_WARN_DOCUMENTATION_COMMENTS = YES;
				CLANG_WARN_EMPTY_BODY = YES;
				CLANG_WARN_ENUM_CONVERSION = YES;
				CLANG_WARN_INFINITE_RECURSION = YES;
				CLANG_WARN_INT_CONVERSION = YES;
				CLANG_WARN_NON_LITERAL_NULL_CONVERSION = YES;
				CLANG_WARN_OBJC_IMPLICIT_RETAIN_SELF = YES;
				CLANG_WARN_OBJC_LITERAL_CONVERSION = YES;
				CLANG_WARN_OBJC_ROOT_CLASS = YES_ERROR;
				CLANG_WARN_QUOTED_INCLUDE_IN_FRAMEWORK_HEADER = YES;
				CLANG_WARN_RANGE_LOOP_ANALYSIS = YES;
				CLANG_WARN_STRICT_PROTOTYPES = YES;
				CLANG_WARN_SUSPICIOUS_MOVE = YES;
				CLANG_WARN_UNGUARDED_AVAILABILITY = YES_AGGRESSIVE;
				CLANG_WARN_UNREACHABLE_CODE = YES;
				CLANG_WARN__DUPLICATE_METHOD_MATCH = YES;
				COPY_PHASE_STRIP = NO;
				DEBUG_INFORMATION_FORMAT = dwarf;
				ENABLE_STRICT_OBJC_MSGSEND = YES;
				ENABLE_TESTABILITY = YES;
				GCC_C_LANGUAGE_STANDARD = gnu11;
				GCC_DYNAMIC_NO_PIC = NO;
				GCC_NO_COMMON_BLOCKS = YES;
				GCC_OPTIMIZATION_LEVEL = 0;
				GCC_PREPROCESSOR_DEFINITIONS = (
					"DEBUG=1",
					"$(inherited)",
				);
				GCC_WARN_64_TO_32_BIT_CONVERSION = YES;
				GCC_WARN_ABOUT_RETURN_TYPE = YES_ERROR;
				GCC_WARN_UNDECLARED_SELECTOR = YES;
				GCC_WARN_UNINITIALIZED_AUTOS = YES_AGGRESSIVE;
				GCC_WARN_UNUSED_FUNCTION = YES;
				GCC_WARN_UNUSED_VARIABLE = YES;
				IPHONEOS_DEPLOYMENT_TARGET = 15.0;
				MTL_ENABLE_DEBUG_INFO = INCLUDE_SOURCE;
				MTL_FAST_MATH = YES;
				ONLY_ACTIVE_ARCH = YES;
				SDKROOT = iphoneos;
				SWIFT_ACTIVE_COMPILATION_CONDITIONS = DEBUG;
				SWIFT_OPTIMIZATION_LEVEL = "-Onone";
			};
			name = Debug;
		};
		9C5C4EA82859C70A008C69F2 /* Release */ = {
			isa = XCBuildConfiguration;
			buildSettings = {
				ALWAYS_SEARCH_USER_PATHS = NO;
				CLANG_ANALYZER_NONNULL = YES;
				CLANG_ANALYZER_NUMBER_OBJECT_CONVERSION = YES_AGGRESSIVE;
				CLANG_CXX_LANGUAGE_STANDARD = "gnu++17";
				CLANG_ENABLE_MODULES = YES;
				CLANG_ENABLE_OBJC_ARC = YES;
				CLANG_ENABLE_OBJC_WEAK = YES;
				CLANG_WARN_BLOCK_CAPTURE_AUTORELEASING = YES;
				CLANG_WARN_BOOL_CONVERSION = YES;
				CLANG_WARN_COMMA = YES;
				CLANG_WARN_CONSTANT_CONVERSION = YES;
				CLANG_WARN_DEPRECATED_OBJC_IMPLEMENTATIONS = YES;
				CLANG_WARN_DIRECT_OBJC_ISA_USAGE = YES_ERROR;
				CLANG_WARN_DOCUMENTATION_COMMENTS = YES;
				CLANG_WARN_EMPTY_BODY = YES;
				CLANG_WARN_ENUM_CONVERSION = YES;
				CLANG_WARN_INFINITE_RECURSION = YES;
				CLANG_WARN_INT_CONVERSION = YES;
				CLANG_WARN_NON_LITERAL_NULL_CONVERSION = YES;
				CLANG_WARN_OBJC_IMPLICIT_RETAIN_SELF = YES;
				CLANG_WARN_OBJC_LITERAL_CONVERSION = YES;
				CLANG_WARN_OBJC_ROOT_CLASS = YES_ERROR;
				CLANG_WARN_QUOTED_INCLUDE_IN_FRAMEWORK_HEADER = YES;
				CLANG_WARN_RANGE_LOOP_ANALYSIS = YES;
				CLANG_WARN_STRICT_PROTOTYPES = YES;
				CLANG_WARN_SUSPICIOUS_MOVE = YES;
				CLANG_WARN_UNGUARDED_AVAILABILITY = YES_AGGRESSIVE;
				CLANG_WARN_UNREACHABLE_CODE = YES;
				CLANG_WARN__DUPLICATE_METHOD_MATCH = YES;
				COPY_PHASE_STRIP = NO;
				DEBUG_INFORMATION_FORMAT = "dwarf-with-dsym";
				ENABLE_NS_ASSERTIONS = NO;
				ENABLE_STRICT_OBJC_MSGSEND = YES;
				GCC_C_LANGUAGE_STANDARD = gnu11;
				GCC_NO_COMMON_BLOCKS = YES;
				GCC_WARN_64_TO_32_BIT_CONVERSION = YES;
				GCC_WARN_ABOUT_RETURN_TYPE = YES_ERROR;
				GCC_WARN_UNDECLARED_SELECTOR = YES;
				GCC_WARN_UNINITIALIZED_AUTOS = YES_AGGRESSIVE;
				GCC_WARN_UNUSED_FUNCTION = YES;
				GCC_WARN_UNUSED_VARIABLE = YES;
				IPHONEOS_DEPLOYMENT_TARGET = 15.0;
				MTL_ENABLE_DEBUG_INFO = NO;
				MTL_FAST_MATH = YES;
				SDKROOT = iphoneos;
				SWIFT_COMPILATION_MODE = wholemodule;
				SWIFT_OPTIMIZATION_LEVEL = "-O";
				VALIDATE_PRODUCT = YES;
			};
			name = Release;
		};
		9C5C4EAA2859C70A008C69F2 /* Debug */ = {
			isa = XCBuildConfiguration;
			buildSettings = {
				ASSETCATALOG_COMPILER_APPICON_NAME = AppIcon;
				ASSETCATALOG_COMPILER_GLOBAL_ACCENT_COLOR_NAME = AccentColor;
				CODE_SIGN_STYLE = Automatic;
				CURRENT_PROJECT_VERSION = 1;
				DEVELOPMENT_TEAM = NWAXZVJAA5;
				GENERATE_INFOPLIST_FILE = YES;
				INFOPLIST_FILE = "SwiftUI + UIKit/Info.plist";
				INFOPLIST_KEY_UIApplicationSupportsIndirectInputEvents = YES;
				INFOPLIST_KEY_UILaunchStoryboardName = LaunchScreen;
				INFOPLIST_KEY_UIMainStoryboardFile = Main;
				INFOPLIST_KEY_UISupportedInterfaceOrientations_iPad = "UIInterfaceOrientationPortrait UIInterfaceOrientationPortraitUpsideDown UIInterfaceOrientationLandscapeLeft UIInterfaceOrientationLandscapeRight";
				INFOPLIST_KEY_UISupportedInterfaceOrientations_iPhone = "UIInterfaceOrientationPortrait UIInterfaceOrientationLandscapeLeft UIInterfaceOrientationLandscapeRight";
				LD_RUNPATH_SEARCH_PATHS = (
					"$(inherited)",
					"@executable_path/Frameworks",
				);
				MARKETING_VERSION = 1.0;
				PRODUCT_BUNDLE_IDENTIFIER = "Omega.SwiftUI---UIKit";
				PRODUCT_NAME = "$(TARGET_NAME)";
				SWIFT_EMIT_LOC_STRINGS = YES;
				SWIFT_VERSION = 5.0;
				TARGETED_DEVICE_FAMILY = "1,2";
			};
			name = Debug;
		};
		9C5C4EAB2859C70A008C69F2 /* Release */ = {
			isa = XCBuildConfiguration;
			buildSettings = {
				ASSETCATALOG_COMPILER_APPICON_NAME = AppIcon;
				ASSETCATALOG_COMPILER_GLOBAL_ACCENT_COLOR_NAME = AccentColor;
				CODE_SIGN_STYLE = Automatic;
				CURRENT_PROJECT_VERSION = 1;
				DEVELOPMENT_TEAM = NWAXZVJAA5;
				GENERATE_INFOPLIST_FILE = YES;
				INFOPLIST_FILE = "SwiftUI + UIKit/Info.plist";
				INFOPLIST_KEY_UIApplicationSupportsIndirectInputEvents = YES;
				INFOPLIST_KEY_UILaunchStoryboardName = LaunchScreen;
				INFOPLIST_KEY_UIMainStoryboardFile = Main;
				INFOPLIST_KEY_UISupportedInterfaceOrientations_iPad = "UIInterfaceOrientationPortrait UIInterfaceOrientationPortraitUpsideDown UIInterfaceOrientationLandscapeLeft UIInterfaceOrientationLandscapeRight";
				INFOPLIST_KEY_UISupportedInterfaceOrientations_iPhone = "UIInterfaceOrientationPortrait UIInterfaceOrientationLandscapeLeft UIInterfaceOrientationLandscapeRight";
				LD_RUNPATH_SEARCH_PATHS = (
					"$(inherited)",
					"@executable_path/Frameworks",
				);
				MARKETING_VERSION = 1.0;
				PRODUCT_BUNDLE_IDENTIFIER = "Omega.SwiftUI---UIKit";
				PRODUCT_NAME = "$(TARGET_NAME)";
				SWIFT_EMIT_LOC_STRINGS = YES;
				SWIFT_VERSION = 5.0;
				TARGETED_DEVICE_FAMILY = "1,2";
			};
			name = Release;
		};
		9C5C4EAD2859C70A008C69F2 /* Debug */ = {
			isa = XCBuildConfiguration;
			buildSettings = {
				ALWAYS_EMBED_SWIFT_STANDARD_LIBRARIES = YES;
				BUNDLE_LOADER = "$(TEST_HOST)";
				CODE_SIGN_STYLE = Automatic;
				CURRENT_PROJECT_VERSION = 1;
				GENERATE_INFOPLIST_FILE = YES;
				IPHONEOS_DEPLOYMENT_TARGET = 15.5;
				MARKETING_VERSION = 1.0;
				PRODUCT_BUNDLE_IDENTIFIER = "Omega.SwiftUI---UIKitTests";
				PRODUCT_NAME = "$(TARGET_NAME)";
				SWIFT_EMIT_LOC_STRINGS = NO;
				SWIFT_VERSION = 5.0;
				TARGETED_DEVICE_FAMILY = "1,2";
				TEST_HOST = "$(BUILT_PRODUCTS_DIR)/City Guide.app/City Guide";
			};
			name = Debug;
		};
		9C5C4EAE2859C70A008C69F2 /* Release */ = {
			isa = XCBuildConfiguration;
			buildSettings = {
				ALWAYS_EMBED_SWIFT_STANDARD_LIBRARIES = YES;
				BUNDLE_LOADER = "$(TEST_HOST)";
				CODE_SIGN_STYLE = Automatic;
				CURRENT_PROJECT_VERSION = 1;
				GENERATE_INFOPLIST_FILE = YES;
				IPHONEOS_DEPLOYMENT_TARGET = 15.5;
				MARKETING_VERSION = 1.0;
				PRODUCT_BUNDLE_IDENTIFIER = "Omega.SwiftUI---UIKitTests";
				PRODUCT_NAME = "$(TARGET_NAME)";
				SWIFT_EMIT_LOC_STRINGS = NO;
				SWIFT_VERSION = 5.0;
				TARGETED_DEVICE_FAMILY = "1,2";
				TEST_HOST = "$(BUILT_PRODUCTS_DIR)/City Guide.app/City Guide";
			};
			name = Release;
		};
		9C5C4EB02859C70A008C69F2 /* Debug */ = {
			isa = XCBuildConfiguration;
			buildSettings = {
				ALWAYS_EMBED_SWIFT_STANDARD_LIBRARIES = YES;
				CODE_SIGN_STYLE = Automatic;
				CURRENT_PROJECT_VERSION = 1;
				GENERATE_INFOPLIST_FILE = YES;
				MARKETING_VERSION = 1.0;
				PRODUCT_BUNDLE_IDENTIFIER = "Omega.SwiftUI---UIKitUITests";
				PRODUCT_NAME = "$(TARGET_NAME)";
				SWIFT_EMIT_LOC_STRINGS = NO;
				SWIFT_VERSION = 5.0;
				TARGETED_DEVICE_FAMILY = "1,2";
				TEST_TARGET_NAME = "SwiftUI + UIKit";
			};
			name = Debug;
		};
		9C5C4EB12859C70A008C69F2 /* Release */ = {
			isa = XCBuildConfiguration;
			buildSettings = {
				ALWAYS_EMBED_SWIFT_STANDARD_LIBRARIES = YES;
				CODE_SIGN_STYLE = Automatic;
				CURRENT_PROJECT_VERSION = 1;
				GENERATE_INFOPLIST_FILE = YES;
				MARKETING_VERSION = 1.0;
				PRODUCT_BUNDLE_IDENTIFIER = "Omega.SwiftUI---UIKitUITests";
				PRODUCT_NAME = "$(TARGET_NAME)";
				SWIFT_EMIT_LOC_STRINGS = NO;
				SWIFT_VERSION = 5.0;
				TARGETED_DEVICE_FAMILY = "1,2";
				TEST_TARGET_NAME = "SwiftUI + UIKit";
			};
			name = Release;
		};
/* End XCBuildConfiguration section */

/* Begin XCConfigurationList section */
		9C5C4E7A2859C706008C69F2 /* Build configuration list for PBXProject "City Guide" */ = {
			isa = XCConfigurationList;
			buildConfigurations = (
				9C5C4EA72859C70A008C69F2 /* Debug */,
				9C5C4EA82859C70A008C69F2 /* Release */,
			);
			defaultConfigurationIsVisible = 0;
			defaultConfigurationName = Release;
		};
		9C5C4EA92859C70A008C69F2 /* Build configuration list for PBXNativeTarget "City Guide" */ = {
			isa = XCConfigurationList;
			buildConfigurations = (
				9C5C4EAA2859C70A008C69F2 /* Debug */,
				9C5C4EAB2859C70A008C69F2 /* Release */,
			);
			defaultConfigurationIsVisible = 0;
			defaultConfigurationName = Release;
		};
		9C5C4EAC2859C70A008C69F2 /* Build configuration list for PBXNativeTarget "City GuideTests" */ = {
			isa = XCConfigurationList;
			buildConfigurations = (
				9C5C4EAD2859C70A008C69F2 /* Debug */,
				9C5C4EAE2859C70A008C69F2 /* Release */,
			);
			defaultConfigurationIsVisible = 0;
			defaultConfigurationName = Release;
		};
		9C5C4EAF2859C70A008C69F2 /* Build configuration list for PBXNativeTarget "City GuideUITests" */ = {
			isa = XCConfigurationList;
			buildConfigurations = (
				9C5C4EB02859C70A008C69F2 /* Debug */,
				9C5C4EB12859C70A008C69F2 /* Release */,
			);
			defaultConfigurationIsVisible = 0;
			defaultConfigurationName = Release;
		};
/* End XCConfigurationList section */

/* Begin XCRemoteSwiftPackageReference section */
		9C91BA9F286B167700D3C5B7 /* XCRemoteSwiftPackageReference "SwiftUI-Introspect" */ = {
			isa = XCRemoteSwiftPackageReference;
			repositoryURL = "https://github.com/siteline/SwiftUI-Introspect.git";
			requirement = {
				kind = upToNextMajorVersion;
				minimumVersion = 0.1.4;
			};
		};
/* End XCRemoteSwiftPackageReference section */

/* Begin XCSwiftPackageProductDependency section */
		9C91BAA0286B167700D3C5B7 /* Introspect */ = {
			isa = XCSwiftPackageProductDependency;
			package = 9C91BA9F286B167700D3C5B7 /* XCRemoteSwiftPackageReference "SwiftUI-Introspect" */;
			productName = Introspect;
		};
/* End XCSwiftPackageProductDependency section */
	};
	rootObject = 9C5C4E772859C706008C69F2 /* Project object */;
}
