// !$*UTF8*$!
{
	archiveVersion = 1;
	classes = {
	};
	objectVersion = 55;
	objects = {

/* Begin PBXBuildFile section */
		9C0D5C97286999650048C06F /* ObjectDescriptionView.swift in Sources */ = {isa = PBXBuildFile; fileRef = 9C0D5C96286999650048C06F /* ObjectDescriptionView.swift */; };
		9C0D5C9928699B1E0048C06F /* ObjectsViewModel.swift in Sources */ = {isa = PBXBuildFile; fileRef = 9C0D5C9828699B1E0048C06F /* ObjectsViewModel.swift */; };
		9C0D5C9B2869A3480048C06F /* NSObject + extension.swift in Sources */ = {isa = PBXBuildFile; fileRef = 9C0D5C9A2869A3480048C06F /* NSObject + extension.swift */; };
		9C0D5C9D2869A3990048C06F /* View + extension.swift in Sources */ = {isa = PBXBuildFile; fileRef = 9C0D5C9C2869A3990048C06F /* View + extension.swift */; };
		9C0D5CA02869A3E00048C06F /* ViewDidLoadModifier.swift in Sources */ = {isa = PBXBuildFile; fileRef = 9C0D5C9F2869A3E00048C06F /* ViewDidLoadModifier.swift */; };
		9C0D5CA22869DC480048C06F /* Notifications.swift in Sources */ = {isa = PBXBuildFile; fileRef = 9C0D5CA12869DC480048C06F /* Notifications.swift */; };
		9C0D5CA42869DCBD0048C06F /* NotificationName + extension.swift in Sources */ = {isa = PBXBuildFile; fileRef = 9C0D5CA32869DCBD0048C06F /* NotificationName + extension.swift */; };
		9C0D5CA62869E7A90048C06F /* CityButtonInfoView.swift in Sources */ = {isa = PBXBuildFile; fileRef = 9C0D5CA52869E7A90048C06F /* CityButtonInfoView.swift */; };
		9C1B6FF028882C49005045F7 /* FirebaseAnalytics in Frameworks */ = {isa = PBXBuildFile; productRef = 9C1B6FEF28882C49005045F7 /* FirebaseAnalytics */; };
		9C1B6FF228882C49005045F7 /* FirebaseAuth in Frameworks */ = {isa = PBXBuildFile; productRef = 9C1B6FF128882C49005045F7 /* FirebaseAuth */; };
		9C1B6FF428882C49005045F7 /* FirebaseDatabase in Frameworks */ = {isa = PBXBuildFile; productRef = 9C1B6FF328882C49005045F7 /* FirebaseDatabase */; };
		9C1B6FF628882C49005045F7 /* FirebaseFirestore in Frameworks */ = {isa = PBXBuildFile; productRef = 9C1B6FF528882C49005045F7 /* FirebaseFirestore */; };
		9C1B7000288831B5005045F7 /* Login.storyboard in Resources */ = {isa = PBXBuildFile; fileRef = 9C1B6FFA288831B5005045F7 /* Login.storyboard */; };
		9C1B7001288831B5005045F7 /* LoginPresenter.swift in Sources */ = {isa = PBXBuildFile; fileRef = 9C1B6FFB288831B5005045F7 /* LoginPresenter.swift */; };
		9C1B7002288831B5005045F7 /* LoginRouter.swift in Sources */ = {isa = PBXBuildFile; fileRef = 9C1B6FFC288831B5005045F7 /* LoginRouter.swift */; };
		9C1B7003288831B5005045F7 /* LoginViewController.swift in Sources */ = {isa = PBXBuildFile; fileRef = 9C1B6FFD288831B5005045F7 /* LoginViewController.swift */; };
		9C1B7004288831B5005045F7 /* LoginProtocols.swift in Sources */ = {isa = PBXBuildFile; fileRef = 9C1B6FFE288831B5005045F7 /* LoginProtocols.swift */; };
		9C1B7005288831B5005045F7 /* LoginConfigurator.swift in Sources */ = {isa = PBXBuildFile; fileRef = 9C1B6FFF288831B5005045F7 /* LoginConfigurator.swift */; };
		9C1B700C288831CD005045F7 /* Registration.storyboard in Resources */ = {isa = PBXBuildFile; fileRef = 9C1B7006288831CD005045F7 /* Registration.storyboard */; };
		9C1B700D288831CD005045F7 /* RegistrationPresenter.swift in Sources */ = {isa = PBXBuildFile; fileRef = 9C1B7007288831CD005045F7 /* RegistrationPresenter.swift */; };
		9C1B700E288831CD005045F7 /* RegistrationRouter.swift in Sources */ = {isa = PBXBuildFile; fileRef = 9C1B7008288831CD005045F7 /* RegistrationRouter.swift */; };
		9C1B700F288831CD005045F7 /* RegistrationViewController.swift in Sources */ = {isa = PBXBuildFile; fileRef = 9C1B7009288831CD005045F7 /* RegistrationViewController.swift */; };
		9C1B7010288831CD005045F7 /* RegistrationProtocols.swift in Sources */ = {isa = PBXBuildFile; fileRef = 9C1B700A288831CD005045F7 /* RegistrationProtocols.swift */; };
		9C1B7011288831CD005045F7 /* RegistrationConfigurator.swift in Sources */ = {isa = PBXBuildFile; fileRef = 9C1B700B288831CD005045F7 /* RegistrationConfigurator.swift */; };
		9C1B701428883ACB005045F7 /* ORCommonUI-Swift in Frameworks */ = {isa = PBXBuildFile; productRef = 9C1B701328883ACB005045F7 /* ORCommonUI-Swift */; };
		9C3EF78D288FD2DA00AE1705 /* BottomSheet in Frameworks */ = {isa = PBXBuildFile; productRef = 9C3EF78C288FD2DA00AE1705 /* BottomSheet */; };
		9C3EF78F288FD41300AE1705 /* SheetView.swift in Sources */ = {isa = PBXBuildFile; fileRef = 9C3EF78E288FD41300AE1705 /* SheetView.swift */; };
		9C3EF7932890028E00AE1705 /* TransportRow.swift in Sources */ = {isa = PBXBuildFile; fileRef = 9C3EF7922890028E00AE1705 /* TransportRow.swift */; };
		9C3EF7952890081F00AE1705 /* ReachInfo.swift in Sources */ = {isa = PBXBuildFile; fileRef = 9C3EF7942890081F00AE1705 /* ReachInfo.swift */; };
		9C3EF79828902F9400AE1705 /* Environment.swift in Sources */ = {isa = PBXBuildFile; fileRef = 9C3EF79728902F9400AE1705 /* Environment.swift */; };
		9C3EF79A2890353B00AE1705 /* AppConfig.swift in Sources */ = {isa = PBXBuildFile; fileRef = 9C3EF7992890353B00AE1705 /* AppConfig.swift */; };
		9C3EF79D2890366700AE1705 /* Alamofire in Frameworks */ = {isa = PBXBuildFile; productRef = 9C3EF79C2890366700AE1705 /* Alamofire */; };
		9C3EF7A0289036DA00AE1705 /* Moya in Frameworks */ = {isa = PBXBuildFile; productRef = 9C3EF79F289036DA00AE1705 /* Moya */; };
		9C3EF7A32890376200AE1705 /* Swinject in Frameworks */ = {isa = PBXBuildFile; productRef = 9C3EF7A22890376200AE1705 /* Swinject */; };
		9C3EF7A6289037CD00AE1705 /* Config.swift in Sources */ = {isa = PBXBuildFile; fileRef = 9C3EF7A5289037CD00AE1705 /* Config.swift */; };
		9C3EF7AA2890385E00AE1705 /* MainAssemblies.swift in Sources */ = {isa = PBXBuildFile; fileRef = 9C3EF7A92890385E00AE1705 /* MainAssemblies.swift */; };
		9C3EF7AC289038A500AE1705 /* ApiServicesAssembly.swift in Sources */ = {isa = PBXBuildFile; fileRef = 9C3EF7AB289038A500AE1705 /* ApiServicesAssembly.swift */; };
		9C3EF7B42890399100AE1705 /* SwinjectAutoregistration in Frameworks */ = {isa = PBXBuildFile; productRef = 9C3EF7B32890399100AE1705 /* SwinjectAutoregistration */; };
		9C3EF7B628903A3D00AE1705 /* DI.swift in Sources */ = {isa = PBXBuildFile; fileRef = 9C3EF7B528903A3D00AE1705 /* DI.swift */; };
		9C3EF7B828903A6900AE1705 /* CitiesApiService.swift in Sources */ = {isa = PBXBuildFile; fileRef = 9C3EF7B728903A6900AE1705 /* CitiesApiService.swift */; };
		9C3EF7BB28903BEB00AE1705 /* Promises in Frameworks */ = {isa = PBXBuildFile; productRef = 9C3EF7BA28903BEB00AE1705 /* Promises */; };
		9C3EF7BF28903C4C00AE1705 /* PlacesRequirements.swift in Sources */ = {isa = PBXBuildFile; fileRef = 9C3EF7BE28903C4C00AE1705 /* PlacesRequirements.swift */; };
		9C3EF7C128903D0000AE1705 /* CitiesResponse.swift in Sources */ = {isa = PBXBuildFile; fileRef = 9C3EF7C028903D0000AE1705 /* CitiesResponse.swift */; };
		9C4B6C1D285C7C9000064537 /* CustomActivityView.swift in Sources */ = {isa = PBXBuildFile; fileRef = 9C4B6C1C285C7C9000064537 /* CustomActivityView.swift */; };
		9C4B6C1F285C82DB00064537 /* CustomActivity.swift in Sources */ = {isa = PBXBuildFile; fileRef = 9C4B6C1E285C82DB00064537 /* CustomActivity.swift */; };
		9C4B6C22285CAA5C00064537 /* LocationManager.swift in Sources */ = {isa = PBXBuildFile; fileRef = 9C4B6C21285CAA5C00064537 /* LocationManager.swift */; };
		9C4B6C25285CC67000064537 /* CityObjectsView.swift in Sources */ = {isa = PBXBuildFile; fileRef = 9C4B6C24285CC67000064537 /* CityObjectsView.swift */; };
		9C4FC1A22885481400815124 /* ScaledFont + extension.swift in Sources */ = {isa = PBXBuildFile; fileRef = 9C4FC1A12885481400815124 /* ScaledFont + extension.swift */; };
		9C4FC1A428854AE900815124 /* RoundedCorner.swift in Sources */ = {isa = PBXBuildFile; fileRef = 9C4FC1A328854AE900815124 /* RoundedCorner.swift */; };
		9C4FC1A62885964C00815124 /* PurposalLinkCell.swift in Sources */ = {isa = PBXBuildFile; fileRef = 9C4FC1A52885964C00815124 /* PurposalLinkCell.swift */; };
		9C5A36D72891413000D4ECCE /* CityApiService.swift in Sources */ = {isa = PBXBuildFile; fileRef = 9C5A36D62891413000D4ECCE /* CityApiService.swift */; };
		9C5A36DC2891426100D4ECCE /* CityApi.swift in Sources */ = {isa = PBXBuildFile; fileRef = 9C5A36DB2891426100D4ECCE /* CityApi.swift */; };
		9C5A36DE28914DA800D4ECCE /* Moya + extension.swift in Sources */ = {isa = PBXBuildFile; fileRef = 9C5A36DD28914DA800D4ECCE /* Moya + extension.swift */; };
		9C5A36E028914E0600D4ECCE /* Logger.swift in Sources */ = {isa = PBXBuildFile; fileRef = 9C5A36DF28914E0600D4ECCE /* Logger.swift */; };
		9C5A36E228914E4F00D4ECCE /* JSONDecoder + default.swift in Sources */ = {isa = PBXBuildFile; fileRef = 9C5A36E128914E4F00D4ECCE /* JSONDecoder + default.swift */; };
		9C5A36E428914E7D00D4ECCE /* DateFormatter + extension.swift in Sources */ = {isa = PBXBuildFile; fileRef = 9C5A36E328914E7D00D4ECCE /* DateFormatter + extension.swift */; };
		9C5A36EA2891624D00D4ECCE /* LogDescription.swift in Sources */ = {isa = PBXBuildFile; fileRef = 9C5A36E92891624D00D4ECCE /* LogDescription.swift */; };
		9C5A36EC2891627D00D4ECCE /* Date + extension.swift in Sources */ = {isa = PBXBuildFile; fileRef = 9C5A36EB2891627D00D4ECCE /* Date + extension.swift */; };
		9C5A36EF28916E2300D4ECCE /* LetterCase in Frameworks */ = {isa = PBXBuildFile; productRef = 9C5A36EE28916E2300D4ECCE /* LetterCase */; };
		9C5A36F228916E5E00D4ECCE /* ApiError.swift in Sources */ = {isa = PBXBuildFile; fileRef = 9C5A36F128916E5E00D4ECCE /* ApiError.swift */; };
		9C5A36F428916E7700D4ECCE /* BaseError.swift in Sources */ = {isa = PBXBuildFile; fileRef = 9C5A36F328916E7700D4ECCE /* BaseError.swift */; };
		9C5A36F828916F3A00D4ECCE /* NetworkError.swift in Sources */ = {isa = PBXBuildFile; fileRef = 9C5A36F728916F3A00D4ECCE /* NetworkError.swift */; };
		9C5A36FA289179D400D4ECCE /* ServerError.swift in Sources */ = {isa = PBXBuildFile; fileRef = 9C5A36F9289179D400D4ECCE /* ServerError.swift */; };
		9C5A36FC28917A3C00D4ECCE /* Data + extension.swift in Sources */ = {isa = PBXBuildFile; fileRef = 9C5A36FB28917A3C00D4ECCE /* Data + extension.swift */; };
		9C5C4E832859C706008C69F2 /* AppDelegate.swift in Sources */ = {isa = PBXBuildFile; fileRef = 9C5C4E822859C706008C69F2 /* AppDelegate.swift */; };
		9C5C4E8A2859C706008C69F2 /* Main.storyboard in Resources */ = {isa = PBXBuildFile; fileRef = 9C5C4E882859C706008C69F2 /* Main.storyboard */; };
		9C5C4E8C2859C709008C69F2 /* Assets.xcassets in Resources */ = {isa = PBXBuildFile; fileRef = 9C5C4E8B2859C709008C69F2 /* Assets.xcassets */; };
		9C5C4EB92859C743008C69F2 /* MainScreen.storyboard in Resources */ = {isa = PBXBuildFile; fileRef = 9C5C4EB32859C743008C69F2 /* MainScreen.storyboard */; };
		9C5C4EBA2859C743008C69F2 /* MainScreenPresenter.swift in Sources */ = {isa = PBXBuildFile; fileRef = 9C5C4EB42859C743008C69F2 /* MainScreenPresenter.swift */; };
		9C5C4EBB2859C743008C69F2 /* MainScreenRouter.swift in Sources */ = {isa = PBXBuildFile; fileRef = 9C5C4EB52859C743008C69F2 /* MainScreenRouter.swift */; };
		9C5C4EBC2859C743008C69F2 /* MainScreenViewController.swift in Sources */ = {isa = PBXBuildFile; fileRef = 9C5C4EB62859C743008C69F2 /* MainScreenViewController.swift */; };
		9C5C4EBD2859C743008C69F2 /* MainScreenProtocols.swift in Sources */ = {isa = PBXBuildFile; fileRef = 9C5C4EB72859C743008C69F2 /* MainScreenProtocols.swift */; };
		9C5C4EBE2859C743008C69F2 /* MainScreenConfigurator.swift in Sources */ = {isa = PBXBuildFile; fileRef = 9C5C4EB82859C743008C69F2 /* MainScreenConfigurator.swift */; };
		9C5C4EC02859D01E008C69F2 /* CityTableViewCell.xib in Resources */ = {isa = PBXBuildFile; fileRef = 9C5C4EBF2859D01E008C69F2 /* CityTableViewCell.xib */; };
		9C5C4EC32859D0B5008C69F2 /* CityTableViewCell.swift in Sources */ = {isa = PBXBuildFile; fileRef = 9C5C4EC22859D0B5008C69F2 /* CityTableViewCell.swift */; };
		9C5C4EC52859D187008C69F2 /* UITableView + extension.swift in Sources */ = {isa = PBXBuildFile; fileRef = 9C5C4EC42859D187008C69F2 /* UITableView + extension.swift */; };
		9C5C4EC82859E0AD008C69F2 /* CityInfoView.swift in Sources */ = {isa = PBXBuildFile; fileRef = 9C5C4EC72859E0AD008C69F2 /* CityInfoView.swift */; };
		9C5C4ECA2859FC98008C69F2 /* City.swift in Sources */ = {isa = PBXBuildFile; fileRef = 9C5C4EC92859FC98008C69F2 /* City.swift */; };
		9C5C4ECE285A207A008C69F2 /* CityViewModel.swift in Sources */ = {isa = PBXBuildFile; fileRef = 9C5C4ECD285A207A008C69F2 /* CityViewModel.swift */; };
		9C658DFA28647D730023DAB0 /* Object.swift in Sources */ = {isa = PBXBuildFile; fileRef = 9C658DF928647D730023DAB0 /* Object.swift */; };
		9C723D06285B228500B2D09E /* CityDescriptionView.swift in Sources */ = {isa = PBXBuildFile; fileRef = 9C723D05285B228500B2D09E /* CityDescriptionView.swift */; };
		9C91BA97286AD4B400D3C5B7 /* CityImageView.swift in Sources */ = {isa = PBXBuildFile; fileRef = 9C91BA96286AD4B400D3C5B7 /* CityImageView.swift */; };
		9C91BA99286AF87900D3C5B7 /* Colors.xcassets in Resources */ = {isa = PBXBuildFile; fileRef = 9C91BA98286AF87900D3C5B7 /* Colors.xcassets */; };
		9C91BA9C286AF91E00D3C5B7 /* Color .swift in Sources */ = {isa = PBXBuildFile; fileRef = 9C91BA9B286AF91E00D3C5B7 /* Color .swift */; };
		9C91BA9E286B02C400D3C5B7 /* Theme.swift in Sources */ = {isa = PBXBuildFile; fileRef = 9C91BA9D286B02C400D3C5B7 /* Theme.swift */; };
		9C91BAA1286B167700D3C5B7 /* Introspect in Frameworks */ = {isa = PBXBuildFile; productRef = 9C91BAA0286B167700D3C5B7 /* Introspect */; };
		9C91BAA3286C392400D3C5B7 /* ObjectDescriptionModel.swift in Sources */ = {isa = PBXBuildFile; fileRef = 9C91BAA2286C392400D3C5B7 /* ObjectDescriptionModel.swift */; };
		9C91BAA6286C8FF800D3C5B7 /* TopBar.swift in Sources */ = {isa = PBXBuildFile; fileRef = 9C91BAA5286C8FF800D3C5B7 /* TopBar.swift */; };
		9C91BAAB286C957C00D3C5B7 /* OffsetModifier.swift in Sources */ = {isa = PBXBuildFile; fileRef = 9C91BAAA286C957C00D3C5B7 /* OffsetModifier.swift */; };
		9C91BAAD286C9B1D00D3C5B7 /* Descriptions.swift in Sources */ = {isa = PBXBuildFile; fileRef = 9C91BAAC286C9B1D00D3C5B7 /* Descriptions.swift */; };
		9C91BAB3286D794D00D3C5B7 /* TopBarModel.swift in Sources */ = {isa = PBXBuildFile; fileRef = 9C91BAB2286D794D00D3C5B7 /* TopBarModel.swift */; };
		9C91BAB5286D874B00D3C5B7 /* Image.swift in Sources */ = {isa = PBXBuildFile; fileRef = 9C91BAB4286D874B00D3C5B7 /* Image.swift */; };
		9C91BABC286D93CD00D3C5B7 /* FeedbackView.swift in Sources */ = {isa = PBXBuildFile; fileRef = 9C91BABB286D93CD00D3C5B7 /* FeedbackView.swift */; };
		9C91BABF286D988200D3C5B7 /* AddFeedbackView.swift in Sources */ = {isa = PBXBuildFile; fileRef = 9C91BABE286D988200D3C5B7 /* AddFeedbackView.swift */; };
		9C91BAC3286DD6FF00D3C5B7 /* UIApplication + extension.swift in Sources */ = {isa = PBXBuildFile; fileRef = 9C91BAC2286DD6FF00D3C5B7 /* UIApplication + extension.swift */; };
		9C95901F2889369F002971C1 /* GoogleService-Info.plist in Resources */ = {isa = PBXBuildFile; fileRef = 9C95901E2889369F002971C1 /* GoogleService-Info.plist */; };
		9C9590212889475E002971C1 /* String + validation.swift in Sources */ = {isa = PBXBuildFile; fileRef = 9C9590202889475E002971C1 /* String + validation.swift */; };
		9C9590242889506B002971C1 /* RegistrationViewModel.swift in Sources */ = {isa = PBXBuildFile; fileRef = 9C9590232889506B002971C1 /* RegistrationViewModel.swift */; };
		9C959027288963CE002971C1 /* AuthFields.swift in Sources */ = {isa = PBXBuildFile; fileRef = 9C959026288963CE002971C1 /* AuthFields.swift */; };
		9CA301FA2886B334006A0D44 /* ImagePicker.swift in Sources */ = {isa = PBXBuildFile; fileRef = 9CA301F92886B334006A0D44 /* ImagePicker.swift */; };
		9CA817F5288A86AF00BCC8B0 /* ErrorRouter.swift in Sources */ = {isa = PBXBuildFile; fileRef = 9CA817F4288A86AF00BCC8B0 /* ErrorRouter.swift */; };
		9CA817F7288A933100BCC8B0 /* BaseViewController.swift in Sources */ = {isa = PBXBuildFile; fileRef = 9CA817F6288A933100BCC8B0 /* BaseViewController.swift */; };
		9CF0D2AA286F19CC006B6DEB /* UserDefaultKeys.swift in Sources */ = {isa = PBXBuildFile; fileRef = 9CF0D2A9286F19CC006B6DEB /* UserDefaultKeys.swift */; };
		9CF0D2AC286F4538006B6DEB /* ReviewTextView.swift in Sources */ = {isa = PBXBuildFile; fileRef = 9CF0D2AB286F4538006B6DEB /* ReviewTextView.swift */; };
		9CF0D2B0286F4A26006B6DEB /* ReviewModel.swift in Sources */ = {isa = PBXBuildFile; fileRef = 9CF0D2AF286F4A26006B6DEB /* ReviewModel.swift */; };
		9CF0D2B2286F4FA6006B6DEB /* ReviewRow.swift in Sources */ = {isa = PBXBuildFile; fileRef = 9CF0D2B1286F4FA6006B6DEB /* ReviewRow.swift */; };
/* End PBXBuildFile section */

/* Begin PBXContainerItemProxy section */
		9C5C4E962859C709008C69F2 /* PBXContainerItemProxy */ = {
			isa = PBXContainerItemProxy;
			containerPortal = 9C5C4E772859C706008C69F2 /* Project object */;
			proxyType = 1;
			remoteGlobalIDString = 9C5C4E7E2859C706008C69F2;
			remoteInfo = "SwiftUI + UIKit";
		};
		9C5C4EA02859C70A008C69F2 /* PBXContainerItemProxy */ = {
			isa = PBXContainerItemProxy;
			containerPortal = 9C5C4E772859C706008C69F2 /* Project object */;
			proxyType = 1;
			remoteGlobalIDString = 9C5C4E7E2859C706008C69F2;
			remoteInfo = "SwiftUI + UIKit";
		};
/* End PBXContainerItemProxy section */

/* Begin PBXFileReference section */
		9C0D5C96286999650048C06F /* ObjectDescriptionView.swift */ = {isa = PBXFileReference; lastKnownFileType = sourcecode.swift; path = ObjectDescriptionView.swift; sourceTree = "<group>"; };
		9C0D5C9828699B1E0048C06F /* ObjectsViewModel.swift */ = {isa = PBXFileReference; lastKnownFileType = sourcecode.swift; path = ObjectsViewModel.swift; sourceTree = "<group>"; };
		9C0D5C9A2869A3480048C06F /* NSObject + extension.swift */ = {isa = PBXFileReference; lastKnownFileType = sourcecode.swift; path = "NSObject + extension.swift"; sourceTree = "<group>"; };
		9C0D5C9C2869A3990048C06F /* View + extension.swift */ = {isa = PBXFileReference; lastKnownFileType = sourcecode.swift; path = "View + extension.swift"; sourceTree = "<group>"; };
		9C0D5C9F2869A3E00048C06F /* ViewDidLoadModifier.swift */ = {isa = PBXFileReference; lastKnownFileType = sourcecode.swift; path = ViewDidLoadModifier.swift; sourceTree = "<group>"; };
		9C0D5CA12869DC480048C06F /* Notifications.swift */ = {isa = PBXFileReference; lastKnownFileType = sourcecode.swift; path = Notifications.swift; sourceTree = "<group>"; };
		9C0D5CA32869DCBD0048C06F /* NotificationName + extension.swift */ = {isa = PBXFileReference; lastKnownFileType = sourcecode.swift; path = "NotificationName + extension.swift"; sourceTree = "<group>"; };
		9C0D5CA52869E7A90048C06F /* CityButtonInfoView.swift */ = {isa = PBXFileReference; lastKnownFileType = sourcecode.swift; path = CityButtonInfoView.swift; sourceTree = "<group>"; };
		9C1B6FFA288831B5005045F7 /* Login.storyboard */ = {isa = PBXFileReference; lastKnownFileType = file.storyboard; path = Login.storyboard; sourceTree = "<group>"; };
		9C1B6FFB288831B5005045F7 /* LoginPresenter.swift */ = {isa = PBXFileReference; lastKnownFileType = sourcecode.swift; path = LoginPresenter.swift; sourceTree = "<group>"; };
		9C1B6FFC288831B5005045F7 /* LoginRouter.swift */ = {isa = PBXFileReference; lastKnownFileType = sourcecode.swift; path = LoginRouter.swift; sourceTree = "<group>"; };
		9C1B6FFD288831B5005045F7 /* LoginViewController.swift */ = {isa = PBXFileReference; lastKnownFileType = sourcecode.swift; path = LoginViewController.swift; sourceTree = "<group>"; };
		9C1B6FFE288831B5005045F7 /* LoginProtocols.swift */ = {isa = PBXFileReference; lastKnownFileType = sourcecode.swift; path = LoginProtocols.swift; sourceTree = "<group>"; };
		9C1B6FFF288831B5005045F7 /* LoginConfigurator.swift */ = {isa = PBXFileReference; lastKnownFileType = sourcecode.swift; path = LoginConfigurator.swift; sourceTree = "<group>"; };
		9C1B7006288831CD005045F7 /* Registration.storyboard */ = {isa = PBXFileReference; lastKnownFileType = file.storyboard; path = Registration.storyboard; sourceTree = "<group>"; };
		9C1B7007288831CD005045F7 /* RegistrationPresenter.swift */ = {isa = PBXFileReference; lastKnownFileType = sourcecode.swift; path = RegistrationPresenter.swift; sourceTree = "<group>"; };
		9C1B7008288831CD005045F7 /* RegistrationRouter.swift */ = {isa = PBXFileReference; lastKnownFileType = sourcecode.swift; path = RegistrationRouter.swift; sourceTree = "<group>"; };
		9C1B7009288831CD005045F7 /* RegistrationViewController.swift */ = {isa = PBXFileReference; lastKnownFileType = sourcecode.swift; path = RegistrationViewController.swift; sourceTree = "<group>"; };
		9C1B700A288831CD005045F7 /* RegistrationProtocols.swift */ = {isa = PBXFileReference; lastKnownFileType = sourcecode.swift; path = RegistrationProtocols.swift; sourceTree = "<group>"; };
		9C1B700B288831CD005045F7 /* RegistrationConfigurator.swift */ = {isa = PBXFileReference; lastKnownFileType = sourcecode.swift; path = RegistrationConfigurator.swift; sourceTree = "<group>"; };
		9C3EF78E288FD41300AE1705 /* SheetView.swift */ = {isa = PBXFileReference; lastKnownFileType = sourcecode.swift; path = SheetView.swift; sourceTree = "<group>"; };
		9C3EF7922890028E00AE1705 /* TransportRow.swift */ = {isa = PBXFileReference; lastKnownFileType = sourcecode.swift; path = TransportRow.swift; sourceTree = "<group>"; };
		9C3EF7942890081F00AE1705 /* ReachInfo.swift */ = {isa = PBXFileReference; lastKnownFileType = sourcecode.swift; path = ReachInfo.swift; sourceTree = "<group>"; };
		9C3EF79728902F9400AE1705 /* Environment.swift */ = {isa = PBXFileReference; lastKnownFileType = sourcecode.swift; path = Environment.swift; sourceTree = "<group>"; };
		9C3EF7992890353B00AE1705 /* AppConfig.swift */ = {isa = PBXFileReference; lastKnownFileType = sourcecode.swift; path = AppConfig.swift; sourceTree = "<group>"; };
		9C3EF7A5289037CD00AE1705 /* Config.swift */ = {isa = PBXFileReference; lastKnownFileType = sourcecode.swift; path = Config.swift; sourceTree = "<group>"; };
		9C3EF7A92890385E00AE1705 /* MainAssemblies.swift */ = {isa = PBXFileReference; lastKnownFileType = sourcecode.swift; path = MainAssemblies.swift; sourceTree = "<group>"; };
		9C3EF7AB289038A500AE1705 /* ApiServicesAssembly.swift */ = {isa = PBXFileReference; lastKnownFileType = sourcecode.swift; path = ApiServicesAssembly.swift; sourceTree = "<group>"; };
		9C3EF7B528903A3D00AE1705 /* DI.swift */ = {isa = PBXFileReference; lastKnownFileType = sourcecode.swift; path = DI.swift; sourceTree = "<group>"; };
		9C3EF7B728903A6900AE1705 /* CitiesApiService.swift */ = {isa = PBXFileReference; lastKnownFileType = sourcecode.swift; path = CitiesApiService.swift; sourceTree = "<group>"; };
		9C3EF7BE28903C4C00AE1705 /* PlacesRequirements.swift */ = {isa = PBXFileReference; lastKnownFileType = sourcecode.swift; path = PlacesRequirements.swift; sourceTree = "<group>"; };
		9C3EF7C028903D0000AE1705 /* CitiesResponse.swift */ = {isa = PBXFileReference; lastKnownFileType = sourcecode.swift; path = CitiesResponse.swift; sourceTree = "<group>"; };
		9C4B6C1C285C7C9000064537 /* CustomActivityView.swift */ = {isa = PBXFileReference; lastKnownFileType = sourcecode.swift; path = CustomActivityView.swift; sourceTree = "<group>"; };
		9C4B6C1E285C82DB00064537 /* CustomActivity.swift */ = {isa = PBXFileReference; lastKnownFileType = sourcecode.swift; path = CustomActivity.swift; sourceTree = "<group>"; };
		9C4B6C21285CAA5C00064537 /* LocationManager.swift */ = {isa = PBXFileReference; lastKnownFileType = sourcecode.swift; path = LocationManager.swift; sourceTree = "<group>"; };
		9C4B6C24285CC67000064537 /* CityObjectsView.swift */ = {isa = PBXFileReference; lastKnownFileType = sourcecode.swift; path = CityObjectsView.swift; sourceTree = "<group>"; };
		9C4FC1A12885481400815124 /* ScaledFont + extension.swift */ = {isa = PBXFileReference; lastKnownFileType = sourcecode.swift; path = "ScaledFont + extension.swift"; sourceTree = "<group>"; };
		9C4FC1A328854AE900815124 /* RoundedCorner.swift */ = {isa = PBXFileReference; lastKnownFileType = sourcecode.swift; path = RoundedCorner.swift; sourceTree = "<group>"; };
		9C4FC1A52885964C00815124 /* PurposalLinkCell.swift */ = {isa = PBXFileReference; lastKnownFileType = sourcecode.swift; path = PurposalLinkCell.swift; sourceTree = "<group>"; };
		9C5A36D62891413000D4ECCE /* CityApiService.swift */ = {isa = PBXFileReference; lastKnownFileType = sourcecode.swift; path = CityApiService.swift; sourceTree = "<group>"; };
		9C5A36DB2891426100D4ECCE /* CityApi.swift */ = {isa = PBXFileReference; lastKnownFileType = sourcecode.swift; path = CityApi.swift; sourceTree = "<group>"; };
		9C5A36DD28914DA800D4ECCE /* Moya + extension.swift */ = {isa = PBXFileReference; lastKnownFileType = sourcecode.swift; path = "Moya + extension.swift"; sourceTree = "<group>"; };
		9C5A36DF28914E0600D4ECCE /* Logger.swift */ = {isa = PBXFileReference; lastKnownFileType = sourcecode.swift; path = Logger.swift; sourceTree = "<group>"; };
		9C5A36E128914E4F00D4ECCE /* JSONDecoder + default.swift */ = {isa = PBXFileReference; lastKnownFileType = sourcecode.swift; path = "JSONDecoder + default.swift"; sourceTree = "<group>"; };
		9C5A36E328914E7D00D4ECCE /* DateFormatter + extension.swift */ = {isa = PBXFileReference; lastKnownFileType = sourcecode.swift; path = "DateFormatter + extension.swift"; sourceTree = "<group>"; };
		9C5A36E92891624D00D4ECCE /* LogDescription.swift */ = {isa = PBXFileReference; lastKnownFileType = sourcecode.swift; path = LogDescription.swift; sourceTree = "<group>"; };
		9C5A36EB2891627D00D4ECCE /* Date + extension.swift */ = {isa = PBXFileReference; lastKnownFileType = sourcecode.swift; path = "Date + extension.swift"; sourceTree = "<group>"; };
		9C5A36F128916E5E00D4ECCE /* ApiError.swift */ = {isa = PBXFileReference; lastKnownFileType = sourcecode.swift; path = ApiError.swift; sourceTree = "<group>"; };
		9C5A36F328916E7700D4ECCE /* BaseError.swift */ = {isa = PBXFileReference; lastKnownFileType = sourcecode.swift; path = BaseError.swift; sourceTree = "<group>"; };
		9C5A36F728916F3A00D4ECCE /* NetworkError.swift */ = {isa = PBXFileReference; lastKnownFileType = sourcecode.swift; path = NetworkError.swift; sourceTree = "<group>"; };
		9C5A36F9289179D400D4ECCE /* ServerError.swift */ = {isa = PBXFileReference; lastKnownFileType = sourcecode.swift; path = ServerError.swift; sourceTree = "<group>"; };
		9C5A36FB28917A3C00D4ECCE /* Data + extension.swift */ = {isa = PBXFileReference; lastKnownFileType = sourcecode.swift; path = "Data + extension.swift"; sourceTree = "<group>"; };
		9C5C4E7F2859C706008C69F2 /* City Guide.app */ = {isa = PBXFileReference; explicitFileType = wrapper.application; includeInIndex = 0; path = "City Guide.app"; sourceTree = BUILT_PRODUCTS_DIR; };
		9C5C4E822859C706008C69F2 /* AppDelegate.swift */ = {isa = PBXFileReference; lastKnownFileType = sourcecode.swift; path = AppDelegate.swift; sourceTree = "<group>"; };
		9C5C4E892859C706008C69F2 /* Base */ = {isa = PBXFileReference; lastKnownFileType = file.storyboard; name = Base; path = Base.lproj/Main.storyboard; sourceTree = "<group>"; };
		9C5C4E8B2859C709008C69F2 /* Assets.xcassets */ = {isa = PBXFileReference; lastKnownFileType = folder.assetcatalog; path = Assets.xcassets; sourceTree = "<group>"; };
		9C5C4E902859C709008C69F2 /* Info.plist */ = {isa = PBXFileReference; lastKnownFileType = text.plist.xml; path = Info.plist; sourceTree = "<group>"; };
		9C5C4E952859C709008C69F2 /* City GuideTests.xctest */ = {isa = PBXFileReference; explicitFileType = wrapper.cfbundle; includeInIndex = 0; path = "City GuideTests.xctest"; sourceTree = BUILT_PRODUCTS_DIR; };
		9C5C4E9F2859C70A008C69F2 /* City GuideUITests.xctest */ = {isa = PBXFileReference; explicitFileType = wrapper.cfbundle; includeInIndex = 0; path = "City GuideUITests.xctest"; sourceTree = BUILT_PRODUCTS_DIR; };
		9C5C4EB32859C743008C69F2 /* MainScreen.storyboard */ = {isa = PBXFileReference; lastKnownFileType = file.storyboard; path = MainScreen.storyboard; sourceTree = "<group>"; };
		9C5C4EB42859C743008C69F2 /* MainScreenPresenter.swift */ = {isa = PBXFileReference; lastKnownFileType = sourcecode.swift; path = MainScreenPresenter.swift; sourceTree = "<group>"; };
		9C5C4EB52859C743008C69F2 /* MainScreenRouter.swift */ = {isa = PBXFileReference; lastKnownFileType = sourcecode.swift; path = MainScreenRouter.swift; sourceTree = "<group>"; };
		9C5C4EB62859C743008C69F2 /* MainScreenViewController.swift */ = {isa = PBXFileReference; lastKnownFileType = sourcecode.swift; path = MainScreenViewController.swift; sourceTree = "<group>"; };
		9C5C4EB72859C743008C69F2 /* MainScreenProtocols.swift */ = {isa = PBXFileReference; lastKnownFileType = sourcecode.swift; path = MainScreenProtocols.swift; sourceTree = "<group>"; };
		9C5C4EB82859C743008C69F2 /* MainScreenConfigurator.swift */ = {isa = PBXFileReference; lastKnownFileType = sourcecode.swift; path = MainScreenConfigurator.swift; sourceTree = "<group>"; };
		9C5C4EBF2859D01E008C69F2 /* CityTableViewCell.xib */ = {isa = PBXFileReference; lastKnownFileType = file.xib; path = CityTableViewCell.xib; sourceTree = "<group>"; };
		9C5C4EC22859D0B5008C69F2 /* CityTableViewCell.swift */ = {isa = PBXFileReference; lastKnownFileType = sourcecode.swift; path = CityTableViewCell.swift; sourceTree = "<group>"; };
		9C5C4EC42859D187008C69F2 /* UITableView + extension.swift */ = {isa = PBXFileReference; lastKnownFileType = sourcecode.swift; path = "UITableView + extension.swift"; sourceTree = "<group>"; };
		9C5C4EC72859E0AD008C69F2 /* CityInfoView.swift */ = {isa = PBXFileReference; lastKnownFileType = sourcecode.swift; path = CityInfoView.swift; sourceTree = "<group>"; };
		9C5C4EC92859FC98008C69F2 /* City.swift */ = {isa = PBXFileReference; lastKnownFileType = sourcecode.swift; path = City.swift; sourceTree = "<group>"; };
		9C5C4ECD285A207A008C69F2 /* CityViewModel.swift */ = {isa = PBXFileReference; lastKnownFileType = sourcecode.swift; path = CityViewModel.swift; sourceTree = "<group>"; };
		9C658DF928647D730023DAB0 /* Object.swift */ = {isa = PBXFileReference; lastKnownFileType = sourcecode.swift; path = Object.swift; sourceTree = "<group>"; };
		9C723D05285B228500B2D09E /* CityDescriptionView.swift */ = {isa = PBXFileReference; lastKnownFileType = sourcecode.swift; path = CityDescriptionView.swift; sourceTree = "<group>"; };
		9C91BA96286AD4B400D3C5B7 /* CityImageView.swift */ = {isa = PBXFileReference; lastKnownFileType = sourcecode.swift; path = CityImageView.swift; sourceTree = "<group>"; };
		9C91BA98286AF87900D3C5B7 /* Colors.xcassets */ = {isa = PBXFileReference; lastKnownFileType = folder.assetcatalog; path = Colors.xcassets; sourceTree = "<group>"; };
		9C91BA9B286AF91E00D3C5B7 /* Color .swift */ = {isa = PBXFileReference; lastKnownFileType = sourcecode.swift; path = "Color .swift"; sourceTree = "<group>"; };
		9C91BA9D286B02C400D3C5B7 /* Theme.swift */ = {isa = PBXFileReference; lastKnownFileType = sourcecode.swift; path = Theme.swift; sourceTree = "<group>"; };
		9C91BAA2286C392400D3C5B7 /* ObjectDescriptionModel.swift */ = {isa = PBXFileReference; lastKnownFileType = sourcecode.swift; path = ObjectDescriptionModel.swift; sourceTree = "<group>"; };
		9C91BAA5286C8FF800D3C5B7 /* TopBar.swift */ = {isa = PBXFileReference; lastKnownFileType = sourcecode.swift; path = TopBar.swift; sourceTree = "<group>"; };
		9C91BAAA286C957C00D3C5B7 /* OffsetModifier.swift */ = {isa = PBXFileReference; lastKnownFileType = sourcecode.swift; path = OffsetModifier.swift; sourceTree = "<group>"; };
		9C91BAAC286C9B1D00D3C5B7 /* Descriptions.swift */ = {isa = PBXFileReference; lastKnownFileType = sourcecode.swift; path = Descriptions.swift; sourceTree = "<group>"; };
		9C91BAB2286D794D00D3C5B7 /* TopBarModel.swift */ = {isa = PBXFileReference; lastKnownFileType = sourcecode.swift; path = TopBarModel.swift; sourceTree = "<group>"; };
		9C91BAB4286D874B00D3C5B7 /* Image.swift */ = {isa = PBXFileReference; lastKnownFileType = sourcecode.swift; path = Image.swift; sourceTree = "<group>"; };
		9C91BABB286D93CD00D3C5B7 /* FeedbackView.swift */ = {isa = PBXFileReference; lastKnownFileType = sourcecode.swift; path = FeedbackView.swift; sourceTree = "<group>"; };
		9C91BABE286D988200D3C5B7 /* AddFeedbackView.swift */ = {isa = PBXFileReference; lastKnownFileType = sourcecode.swift; path = AddFeedbackView.swift; sourceTree = "<group>"; };
		9C91BAC2286DD6FF00D3C5B7 /* UIApplication + extension.swift */ = {isa = PBXFileReference; lastKnownFileType = sourcecode.swift; path = "UIApplication + extension.swift"; sourceTree = "<group>"; };
		9C95901E2889369F002971C1 /* GoogleService-Info.plist */ = {isa = PBXFileReference; fileEncoding = 4; lastKnownFileType = text.plist.xml; path = "GoogleService-Info.plist"; sourceTree = "<group>"; };
		9C9590202889475E002971C1 /* String + validation.swift */ = {isa = PBXFileReference; lastKnownFileType = sourcecode.swift; path = "String + validation.swift"; sourceTree = "<group>"; };
		9C9590232889506B002971C1 /* RegistrationViewModel.swift */ = {isa = PBXFileReference; lastKnownFileType = sourcecode.swift; path = RegistrationViewModel.swift; sourceTree = "<group>"; };
		9C959026288963CE002971C1 /* AuthFields.swift */ = {isa = PBXFileReference; lastKnownFileType = sourcecode.swift; path = AuthFields.swift; sourceTree = "<group>"; };
		9CA301F92886B334006A0D44 /* ImagePicker.swift */ = {isa = PBXFileReference; lastKnownFileType = sourcecode.swift; path = ImagePicker.swift; sourceTree = "<group>"; };
		9CA817F4288A86AF00BCC8B0 /* ErrorRouter.swift */ = {isa = PBXFileReference; lastKnownFileType = sourcecode.swift; path = ErrorRouter.swift; sourceTree = "<group>"; };
		9CA817F6288A933100BCC8B0 /* BaseViewController.swift */ = {isa = PBXFileReference; lastKnownFileType = sourcecode.swift; path = BaseViewController.swift; sourceTree = "<group>"; };
		9CF0D2A9286F19CC006B6DEB /* UserDefaultKeys.swift */ = {isa = PBXFileReference; lastKnownFileType = sourcecode.swift; path = UserDefaultKeys.swift; sourceTree = "<group>"; };
		9CF0D2AB286F4538006B6DEB /* ReviewTextView.swift */ = {isa = PBXFileReference; lastKnownFileType = sourcecode.swift; path = ReviewTextView.swift; sourceTree = "<group>"; };
		9CF0D2AF286F4A26006B6DEB /* ReviewModel.swift */ = {isa = PBXFileReference; lastKnownFileType = sourcecode.swift; path = ReviewModel.swift; sourceTree = "<group>"; };
		9CF0D2B1286F4FA6006B6DEB /* ReviewRow.swift */ = {isa = PBXFileReference; lastKnownFileType = sourcecode.swift; path = ReviewRow.swift; sourceTree = "<group>"; };
/* End PBXFileReference section */

/* Begin PBXFrameworksBuildPhase section */
		9C5C4E7C2859C706008C69F2 /* Frameworks */ = {
			isa = PBXFrameworksBuildPhase;
			buildActionMask = 2147483647;
			files = (
				9C3EF7B42890399100AE1705 /* SwinjectAutoregistration in Frameworks */,
				9C1B701428883ACB005045F7 /* ORCommonUI-Swift in Frameworks */,
				9C3EF7BB28903BEB00AE1705 /* Promises in Frameworks */,
				9C3EF7A32890376200AE1705 /* Swinject in Frameworks */,
				9C3EF79D2890366700AE1705 /* Alamofire in Frameworks */,
				9C3EF7A0289036DA00AE1705 /* Moya in Frameworks */,
				9C1B6FF028882C49005045F7 /* FirebaseAnalytics in Frameworks */,
				9C5A36EF28916E2300D4ECCE /* LetterCase in Frameworks */,
				9C3EF78D288FD2DA00AE1705 /* BottomSheet in Frameworks */,
				9C1B6FF228882C49005045F7 /* FirebaseAuth in Frameworks */,
				9C1B6FF428882C49005045F7 /* FirebaseDatabase in Frameworks */,
				9C1B6FF628882C49005045F7 /* FirebaseFirestore in Frameworks */,
				9C91BAA1286B167700D3C5B7 /* Introspect in Frameworks */,
			);
			runOnlyForDeploymentPostprocessing = 0;
		};
		9C5C4E922859C709008C69F2 /* Frameworks */ = {
			isa = PBXFrameworksBuildPhase;
			buildActionMask = 2147483647;
			files = (
			);
			runOnlyForDeploymentPostprocessing = 0;
		};
		9C5C4E9C2859C70A008C69F2 /* Frameworks */ = {
			isa = PBXFrameworksBuildPhase;
			buildActionMask = 2147483647;
			files = (
			);
			runOnlyForDeploymentPostprocessing = 0;
		};
/* End PBXFrameworksBuildPhase section */

/* Begin PBXGroup section */
		9C0D5C9E2869A3BE0048C06F /* Extensions */ = {
			isa = PBXGroup;
			children = (
				9C0D5C9C2869A3990048C06F /* View + extension.swift */,
				9C0D5C9A2869A3480048C06F /* NSObject + extension.swift */,
				9C5C4EC42859D187008C69F2 /* UITableView + extension.swift */,
				9C0D5CA32869DCBD0048C06F /* NotificationName + extension.swift */,
				9C91BAC2286DD6FF00D3C5B7 /* UIApplication + extension.swift */,
				9C4FC1A12885481400815124 /* ScaledFont + extension.swift */,
				9C9590202889475E002971C1 /* String + validation.swift */,
				9C5A36DD28914DA800D4ECCE /* Moya + extension.swift */,
				9C5A36E328914E7D00D4ECCE /* DateFormatter + extension.swift */,
				9C5A36EB2891627D00D4ECCE /* Date + extension.swift */,
				9C5A36FB28917A3C00D4ECCE /* Data + extension.swift */,
			);
			path = Extensions;
			sourceTree = "<group>";
		};
		9C1B6FF728882D16005045F7 /* Authorization */ = {
			isa = PBXGroup;
			children = (
				9C1B6FF92888316E005045F7 /* Login */,
				9C1B6FF828883161005045F7 /* Registration */,
			);
			path = Authorization;
			sourceTree = "<group>";
		};
		9C1B6FF828883161005045F7 /* Registration */ = {
			isa = PBXGroup;
			children = (
				9C959025288963B9002971C1 /* AuthFields */,
				9C95902228895056002971C1 /* ViewModel */,
				9C1B7006288831CD005045F7 /* Registration.storyboard */,
				9C1B7007288831CD005045F7 /* RegistrationPresenter.swift */,
				9C1B7008288831CD005045F7 /* RegistrationRouter.swift */,
				9C1B7009288831CD005045F7 /* RegistrationViewController.swift */,
				9C1B700A288831CD005045F7 /* RegistrationProtocols.swift */,
				9C1B700B288831CD005045F7 /* RegistrationConfigurator.swift */,
			);
			path = Registration;
			sourceTree = "<group>";
		};
		9C1B6FF92888316E005045F7 /* Login */ = {
			isa = PBXGroup;
			children = (
				9C1B6FFA288831B5005045F7 /* Login.storyboard */,
				9C1B6FFB288831B5005045F7 /* LoginPresenter.swift */,
				9C1B6FFC288831B5005045F7 /* LoginRouter.swift */,
				9C1B6FFD288831B5005045F7 /* LoginViewController.swift */,
				9C1B6FFE288831B5005045F7 /* LoginProtocols.swift */,
				9C1B6FFF288831B5005045F7 /* LoginConfigurator.swift */,
			);
			path = Login;
			sourceTree = "<group>";
		};
		9C3EF79628902F7300AE1705 /* AppConfig */ = {
			isa = PBXGroup;
			children = (
				9C3EF79728902F9400AE1705 /* Environment.swift */,
				9C3EF7992890353B00AE1705 /* AppConfig.swift */,
			);
			path = AppConfig;
			sourceTree = "<group>";
		};
		9C3EF7A4289037C100AE1705 /* Domain */ = {
			isa = PBXGroup;
			children = (
				9C3EF7BC28903C2E00AE1705 /* APIModel */,
				9C3EF7A72890381300AE1705 /* APIServices */,
				9C3EF7A5289037CD00AE1705 /* Config.swift */,
				9C3EF7B528903A3D00AE1705 /* DI.swift */,
			);
			path = Domain;
			sourceTree = "<group>";
		};
		9C3EF7A72890381300AE1705 /* APIServices */ = {
			isa = PBXGroup;
			children = (
				9C3EF7B728903A6900AE1705 /* CitiesApiService.swift */,
			);
			path = APIServices;
			sourceTree = "<group>";
		};
		9C3EF7A82890384A00AE1705 /* Assembler */ = {
			isa = PBXGroup;
			children = (
				9C3EF7A92890385E00AE1705 /* MainAssemblies.swift */,
				9C3EF7AB289038A500AE1705 /* ApiServicesAssembly.swift */,
			);
			path = Assembler;
			sourceTree = "<group>";
		};
		9C3EF7BC28903C2E00AE1705 /* APIModel */ = {
			isa = PBXGroup;
			children = (
				9C3EF7BD28903C3A00AE1705 /* Cities */,
			);
			path = APIModel;
			sourceTree = "<group>";
		};
		9C3EF7BD28903C3A00AE1705 /* Cities */ = {
			isa = PBXGroup;
			children = (
				9C3EF7BE28903C4C00AE1705 /* PlacesRequirements.swift */,
				9C3EF7C028903D0000AE1705 /* CitiesResponse.swift */,
			);
			path = Cities;
			sourceTree = "<group>";
		};
		9C4B6C1B285C7C7100064537 /* CustomActivityView */ = {
			isa = PBXGroup;
			children = (
				9C4B6C1C285C7C9000064537 /* CustomActivityView.swift */,
				9C4B6C1E285C82DB00064537 /* CustomActivity.swift */,
			);
			path = CustomActivityView;
			sourceTree = "<group>";
		};
		9C4B6C20285CAA3800064537 /* Helpers */ = {
			isa = PBXGroup;
			children = (
				9CA817F3288A868F00BCC8B0 /* Classes */,
				9C91BAA9286C956500D3C5B7 /* Modifiers */,
				9C4B6C1B285C7C7100064537 /* CustomActivityView */,
				9C0D5C9E2869A3BE0048C06F /* Extensions */,
				9C4B6C21285CAA5C00064537 /* LocationManager.swift */,
				9C0D5C9F2869A3E00048C06F /* ViewDidLoadModifier.swift */,
				9C0D5CA12869DC480048C06F /* Notifications.swift */,
				9C91BA9D286B02C400D3C5B7 /* Theme.swift */,
				9CF0D2A9286F19CC006B6DEB /* UserDefaultKeys.swift */,
				9C4FC1A328854AE900815124 /* RoundedCorner.swift */,
			);
			path = Helpers;
			sourceTree = "<group>";
		};
		9C4B6C23285CC5F100064537 /* Models */ = {
			isa = PBXGroup;
			children = (
				9C91BAAC286C9B1D00D3C5B7 /* Descriptions.swift */,
				9C5C4ECD285A207A008C69F2 /* CityViewModel.swift */,
				9C5C4EC92859FC98008C69F2 /* City.swift */,
				9C658DF928647D730023DAB0 /* Object.swift */,
				9C0D5C9828699B1E0048C06F /* ObjectsViewModel.swift */,
				9C91BAA2286C392400D3C5B7 /* ObjectDescriptionModel.swift */,
				9C91BAB2286D794D00D3C5B7 /* TopBarModel.swift */,
				9CF0D2AF286F4A26006B6DEB /* ReviewModel.swift */,
				9C3EF7942890081F00AE1705 /* ReachInfo.swift */,
			);
			path = Models;
			sourceTree = "<group>";
		};
		9C5A36D52891410200D4ECCE /* APIServices */ = {
			isa = PBXGroup;
			children = (
				9C5A36D62891413000D4ECCE /* CityApiService.swift */,
			);
			path = APIServices;
			sourceTree = "<group>";
		};
		9C5A36DA2891425500D4ECCE /* API */ = {
			isa = PBXGroup;
			children = (
				9C5A36DB2891426100D4ECCE /* CityApi.swift */,
			);
			path = API;
			sourceTree = "<group>";
		};
		9C5A36F028916E5200D4ECCE /* Errors */ = {
			isa = PBXGroup;
			children = (
				9C5A36F128916E5E00D4ECCE /* ApiError.swift */,
				9C5A36F328916E7700D4ECCE /* BaseError.swift */,
				9C5A36F728916F3A00D4ECCE /* NetworkError.swift */,
				9C5A36F9289179D400D4ECCE /* ServerError.swift */,
			);
			path = Errors;
			sourceTree = "<group>";
		};
		9C5C4E762859C706008C69F2 = {
			isa = PBXGroup;
			children = (
				9C5C4E812859C706008C69F2 /* SwiftUI + UIKit */,
				9C5C4E802859C706008C69F2 /* Products */,
			);
			sourceTree = "<group>";
		};
		9C5C4E802859C706008C69F2 /* Products */ = {
			isa = PBXGroup;
			children = (
				9C5C4E7F2859C706008C69F2 /* City Guide.app */,
				9C5C4E952859C709008C69F2 /* City GuideTests.xctest */,
				9C5C4E9F2859C70A008C69F2 /* City GuideUITests.xctest */,
			);
			name = Products;
			sourceTree = "<group>";
		};
		9C5C4E812859C706008C69F2 /* SwiftUI + UIKit */ = {
			isa = PBXGroup;
			children = (
				9C5A36DA2891425500D4ECCE /* API */,
				9C5A36D52891410200D4ECCE /* APIServices */,
				9C3EF7A82890384A00AE1705 /* Assembler */,
				9C3EF7A4289037C100AE1705 /* Domain */,
				9C3EF79628902F7300AE1705 /* AppConfig */,
				9C91BAAE286D75E000D3C5B7 /* Screens */,
				9C91BA9A286AF87F00D3C5B7 /* Resources */,
				9C4B6C23285CC5F100064537 /* Models */,
				9C4B6C20285CAA3800064537 /* Helpers */,
				9C5C4E822859C706008C69F2 /* AppDelegate.swift */,
				9C5C4E882859C706008C69F2 /* Main.storyboard */,
				9C95901E2889369F002971C1 /* GoogleService-Info.plist */,
				9C5C4E902859C709008C69F2 /* Info.plist */,
			);
			path = "SwiftUI + UIKit";
			sourceTree = "<group>";
		};
		9C5C4EB22859C71E008C69F2 /* MainScreen */ = {
			isa = PBXGroup;
			children = (
				9C5C4EC12859D09F008C69F2 /* CityTableViewCell */,
				9C5C4EB32859C743008C69F2 /* MainScreen.storyboard */,
				9C5C4EB42859C743008C69F2 /* MainScreenPresenter.swift */,
				9C5C4EB52859C743008C69F2 /* MainScreenRouter.swift */,
				9C5C4EB62859C743008C69F2 /* MainScreenViewController.swift */,
				9C5C4EB72859C743008C69F2 /* MainScreenProtocols.swift */,
				9C5C4EB82859C743008C69F2 /* MainScreenConfigurator.swift */,
			);
			path = MainScreen;
			sourceTree = "<group>";
		};
		9C5C4EC12859D09F008C69F2 /* CityTableViewCell */ = {
			isa = PBXGroup;
			children = (
				9C5C4EBF2859D01E008C69F2 /* CityTableViewCell.xib */,
				9C5C4EC22859D0B5008C69F2 /* CityTableViewCell.swift */,
			);
			path = CityTableViewCell;
			sourceTree = "<group>";
		};
		9C5C4EC62859E08D008C69F2 /* CityObjects */ = {
			isa = PBXGroup;
			children = (
				9C4B6C24285CC67000064537 /* CityObjectsView.swift */,
				9C4FC1A52885964C00815124 /* PurposalLinkCell.swift */,
				9C3EF78E288FD41300AE1705 /* SheetView.swift */,
				9C3EF7922890028E00AE1705 /* TransportRow.swift */,
			);
			path = CityObjects;
			sourceTree = "<group>";
		};
		9C91BA95286AD49600D3C5B7 /* CityInfo */ = {
			isa = PBXGroup;
			children = (
				9C0D5CA52869E7A90048C06F /* CityButtonInfoView.swift */,
				9C5C4EC72859E0AD008C69F2 /* CityInfoView.swift */,
				9C91BA96286AD4B400D3C5B7 /* CityImageView.swift */,
			);
			path = CityInfo;
			sourceTree = "<group>";
		};
		9C91BA9A286AF87F00D3C5B7 /* Resources */ = {
			isa = PBXGroup;
			children = (
				9C91BA98286AF87900D3C5B7 /* Colors.xcassets */,
				9C5C4E8B2859C709008C69F2 /* Assets.xcassets */,
				9C91BA9B286AF91E00D3C5B7 /* Color .swift */,
				9C91BAB4286D874B00D3C5B7 /* Image.swift */,
			);
			path = Resources;
			sourceTree = "<group>";
		};
		9C91BAA4286C8FD500D3C5B7 /* ObjectDescription */ = {
			isa = PBXGroup;
			children = (
				9C0D5C96286999650048C06F /* ObjectDescriptionView.swift */,
				9C91BAA5286C8FF800D3C5B7 /* TopBar.swift */,
			);
			path = ObjectDescription;
			sourceTree = "<group>";
		};
		9C91BAA9286C956500D3C5B7 /* Modifiers */ = {
			isa = PBXGroup;
			children = (
				9C91BAAA286C957C00D3C5B7 /* OffsetModifier.swift */,
			);
			path = Modifiers;
			sourceTree = "<group>";
		};
		9C91BAAE286D75E000D3C5B7 /* Screens */ = {
			isa = PBXGroup;
			children = (
				9C91BAB0286D760500D3C5B7 /* SwiftUIScreens */,
				9C91BAAF286D75EE00D3C5B7 /* UIKitScreens */,
			);
			path = Screens;
			sourceTree = "<group>";
		};
		9C91BAAF286D75EE00D3C5B7 /* UIKitScreens */ = {
			isa = PBXGroup;
			children = (
				9C1B6FF728882D16005045F7 /* Authorization */,
				9C5C4EB22859C71E008C69F2 /* MainScreen */,
			);
			path = UIKitScreens;
			sourceTree = "<group>";
		};
		9C91BAB0286D760500D3C5B7 /* SwiftUIScreens */ = {
			isa = PBXGroup;
			children = (
				9C91BABD286D987300D3C5B7 /* AddFeedback */,
				9C91BABA286D93A600D3C5B7 /* Feedback */,
				9C91BA95286AD49600D3C5B7 /* CityInfo */,
				9C91BAB1286D763000D3C5B7 /* CityDescription */,
				9C5C4EC62859E08D008C69F2 /* CityObjects */,
				9C91BAA4286C8FD500D3C5B7 /* ObjectDescription */,
			);
			path = SwiftUIScreens;
			sourceTree = "<group>";
		};
		9C91BAB1286D763000D3C5B7 /* CityDescription */ = {
			isa = PBXGroup;
			children = (
				9C723D05285B228500B2D09E /* CityDescriptionView.swift */,
			);
			path = CityDescription;
			sourceTree = "<group>";
		};
		9C91BABA286D93A600D3C5B7 /* Feedback */ = {
			isa = PBXGroup;
			children = (
				9C91BABB286D93CD00D3C5B7 /* FeedbackView.swift */,
				9CF0D2AB286F4538006B6DEB /* ReviewTextView.swift */,
				9CF0D2B1286F4FA6006B6DEB /* ReviewRow.swift */,
			);
			path = Feedback;
			sourceTree = "<group>";
		};
		9C91BABD286D987300D3C5B7 /* AddFeedback */ = {
			isa = PBXGroup;
			children = (
				9C91BABE286D988200D3C5B7 /* AddFeedbackView.swift */,
				9CA301F92886B334006A0D44 /* ImagePicker.swift */,
			);
			path = AddFeedback;
			sourceTree = "<group>";
		};
		9C95902228895056002971C1 /* ViewModel */ = {
			isa = PBXGroup;
			children = (
				9C9590232889506B002971C1 /* RegistrationViewModel.swift */,
			);
			path = ViewModel;
			sourceTree = "<group>";
		};
		9C959025288963B9002971C1 /* AuthFields */ = {
			isa = PBXGroup;
			children = (
				9C959026288963CE002971C1 /* AuthFields.swift */,
			);
			path = AuthFields;
			sourceTree = "<group>";
		};
		9CA817F3288A868F00BCC8B0 /* Classes */ = {
			isa = PBXGroup;
			children = (
				9C5A36F028916E5200D4ECCE /* Errors */,
				9CA817F4288A86AF00BCC8B0 /* ErrorRouter.swift */,
				9CA817F6288A933100BCC8B0 /* BaseViewController.swift */,
				9C5A36DF28914E0600D4ECCE /* Logger.swift */,
				9C5A36E128914E4F00D4ECCE /* JSONDecoder + default.swift */,
				9C5A36E92891624D00D4ECCE /* LogDescription.swift */,
			);
			path = Classes;
			sourceTree = "<group>";
		};
/* End PBXGroup section */

/* Begin PBXNativeTarget section */
		9C5C4E7E2859C706008C69F2 /* City Guide */ = {
			isa = PBXNativeTarget;
			buildConfigurationList = 9C5C4EA92859C70A008C69F2 /* Build configuration list for PBXNativeTarget "City Guide" */;
			buildPhases = (
				9C5C4E7B2859C706008C69F2 /* Sources */,
				9C5C4E7C2859C706008C69F2 /* Frameworks */,
				9C5C4E7D2859C706008C69F2 /* Resources */,
				9CF0D2A8286F0D91006B6DEB /* ShellScript */,
			);
			buildRules = (
			);
			dependencies = (
			);
			name = "City Guide";
			packageProductDependencies = (
				9C91BAA0286B167700D3C5B7 /* Introspect */,
				9C1B6FEF28882C49005045F7 /* FirebaseAnalytics */,
				9C1B6FF128882C49005045F7 /* FirebaseAuth */,
				9C1B6FF328882C49005045F7 /* FirebaseDatabase */,
				9C1B6FF528882C49005045F7 /* FirebaseFirestore */,
				9C1B701328883ACB005045F7 /* ORCommonUI-Swift */,
				9C3EF78C288FD2DA00AE1705 /* BottomSheet */,
				9C3EF79C2890366700AE1705 /* Alamofire */,
				9C3EF79F289036DA00AE1705 /* Moya */,
				9C3EF7A22890376200AE1705 /* Swinject */,
				9C3EF7B32890399100AE1705 /* SwinjectAutoregistration */,
				9C3EF7BA28903BEB00AE1705 /* Promises */,
				9C5A36EE28916E2300D4ECCE /* LetterCase */,
			);
			productName = "SwiftUI + UIKit";
			productReference = 9C5C4E7F2859C706008C69F2 /* City Guide.app */;
			productType = "com.apple.product-type.application";
		};
		9C5C4E942859C709008C69F2 /* City GuideTests */ = {
			isa = PBXNativeTarget;
			buildConfigurationList = 9C5C4EAC2859C70A008C69F2 /* Build configuration list for PBXNativeTarget "City GuideTests" */;
			buildPhases = (
				9C5C4E912859C709008C69F2 /* Sources */,
				9C5C4E922859C709008C69F2 /* Frameworks */,
				9C5C4E932859C709008C69F2 /* Resources */,
			);
			buildRules = (
			);
			dependencies = (
				9C5C4E972859C709008C69F2 /* PBXTargetDependency */,
			);
			name = "City GuideTests";
			productName = "SwiftUI + UIKitTests";
			productReference = 9C5C4E952859C709008C69F2 /* City GuideTests.xctest */;
			productType = "com.apple.product-type.bundle.unit-test";
		};
		9C5C4E9E2859C70A008C69F2 /* City GuideUITests */ = {
			isa = PBXNativeTarget;
			buildConfigurationList = 9C5C4EAF2859C70A008C69F2 /* Build configuration list for PBXNativeTarget "City GuideUITests" */;
			buildPhases = (
				9C5C4E9B2859C70A008C69F2 /* Sources */,
				9C5C4E9C2859C70A008C69F2 /* Frameworks */,
				9C5C4E9D2859C70A008C69F2 /* Resources */,
			);
			buildRules = (
			);
			dependencies = (
				9C5C4EA12859C70A008C69F2 /* PBXTargetDependency */,
			);
			name = "City GuideUITests";
			productName = "SwiftUI + UIKitUITests";
			productReference = 9C5C4E9F2859C70A008C69F2 /* City GuideUITests.xctest */;
			productType = "com.apple.product-type.bundle.ui-testing";
		};
/* End PBXNativeTarget section */

/* Begin PBXProject section */
		9C5C4E772859C706008C69F2 /* Project object */ = {
			isa = PBXProject;
			attributes = {
				BuildIndependentTargetsInParallel = 1;
				LastSwiftUpdateCheck = 1340;
				LastUpgradeCheck = 1340;
				TargetAttributes = {
					9C5C4E7E2859C706008C69F2 = {
						CreatedOnToolsVersion = 13.4.1;
					};
					9C5C4E942859C709008C69F2 = {
						CreatedOnToolsVersion = 13.4.1;
						TestTargetID = 9C5C4E7E2859C706008C69F2;
					};
					9C5C4E9E2859C70A008C69F2 = {
						CreatedOnToolsVersion = 13.4.1;
						TestTargetID = 9C5C4E7E2859C706008C69F2;
					};
				};
			};
			buildConfigurationList = 9C5C4E7A2859C706008C69F2 /* Build configuration list for PBXProject "City Guide" */;
			compatibilityVersion = "Xcode 13.0";
			developmentRegion = en;
			hasScannedForEncodings = 0;
			knownRegions = (
				en,
				Base,
			);
			mainGroup = 9C5C4E762859C706008C69F2;
			packageReferences = (
				9C91BA9F286B167700D3C5B7 /* XCRemoteSwiftPackageReference "SwiftUI-Introspect" */,
				9C1B6FEE28882C49005045F7 /* XCRemoteSwiftPackageReference "firebase-ios-sdk" */,
				9C1B701228883ACA005045F7 /* XCRemoteSwiftPackageReference "ORCommonUI-Swift" */,
				9C3EF78B288FD2DA00AE1705 /* XCRemoteSwiftPackageReference "BottomSheet" */,
				9C3EF79B2890366700AE1705 /* XCRemoteSwiftPackageReference "Alamofire" */,
				9C3EF79E289036DA00AE1705 /* XCRemoteSwiftPackageReference "Moya" */,
				9C3EF7A12890376200AE1705 /* XCRemoteSwiftPackageReference "Swinject" */,
				9C3EF7B22890399000AE1705 /* XCRemoteSwiftPackageReference "SwinjectAutoregistration" */,
				9C3EF7B928903BEB00AE1705 /* XCRemoteSwiftPackageReference "promises" */,
				9C5A36ED28916E2300D4ECCE /* XCRemoteSwiftPackageReference "LetterCase" */,
			);
			productRefGroup = 9C5C4E802859C706008C69F2 /* Products */;
			projectDirPath = "";
			projectRoot = "";
			targets = (
				9C5C4E7E2859C706008C69F2 /* City Guide */,
				9C5C4E942859C709008C69F2 /* City GuideTests */,
				9C5C4E9E2859C70A008C69F2 /* City GuideUITests */,
			);
		};
/* End PBXProject section */

/* Begin PBXResourcesBuildPhase section */
		9C5C4E7D2859C706008C69F2 /* Resources */ = {
			isa = PBXResourcesBuildPhase;
			buildActionMask = 2147483647;
			files = (
				9C5C4EC02859D01E008C69F2 /* CityTableViewCell.xib in Resources */,
				9C95901F2889369F002971C1 /* GoogleService-Info.plist in Resources */,
				9C5C4EB92859C743008C69F2 /* MainScreen.storyboard in Resources */,
				9C1B7000288831B5005045F7 /* Login.storyboard in Resources */,
				9C1B700C288831CD005045F7 /* Registration.storyboard in Resources */,
				9C91BA99286AF87900D3C5B7 /* Colors.xcassets in Resources */,
				9C5C4E8C2859C709008C69F2 /* Assets.xcassets in Resources */,
				9C5C4E8A2859C706008C69F2 /* Main.storyboard in Resources */,
			);
			runOnlyForDeploymentPostprocessing = 0;
		};
		9C5C4E932859C709008C69F2 /* Resources */ = {
			isa = PBXResourcesBuildPhase;
			buildActionMask = 2147483647;
			files = (
			);
			runOnlyForDeploymentPostprocessing = 0;
		};
		9C5C4E9D2859C70A008C69F2 /* Resources */ = {
			isa = PBXResourcesBuildPhase;
			buildActionMask = 2147483647;
			files = (
			);
			runOnlyForDeploymentPostprocessing = 0;
		};
/* End PBXResourcesBuildPhase section */

/* Begin PBXShellScriptBuildPhase section */
		9CF0D2A8286F0D91006B6DEB /* ShellScript */ = {
			isa = PBXShellScriptBuildPhase;
			buildActionMask = 2147483647;
			files = (
			);
			inputFileListPaths = (
			);
			inputPaths = (
			);
			outputFileListPaths = (
			);
			outputPaths = (
			);
			runOnlyForDeploymentPostprocessing = 0;
			shellPath = /bin/sh;
			shellScript = "if which swiftformat >/dev/null; then\n    swiftformat .\nelse\n    echo \"warning SwiftFormat not installed, download from https://github.com/nicklockwood/SwiftFormat\"\nfi\n";
		};
/* End PBXShellScriptBuildPhase section */

/* Begin PBXSourcesBuildPhase section */
		9C5C4E7B2859C706008C69F2 /* Sources */ = {
			isa = PBXSourcesBuildPhase;
			buildActionMask = 2147483647;
			files = (
				9C5A36E228914E4F00D4ECCE /* JSONDecoder + default.swift in Sources */,
				9C1B7010288831CD005045F7 /* RegistrationProtocols.swift in Sources */,
				9C5A36E428914E7D00D4ECCE /* DateFormatter + extension.swift in Sources */,
				9C91BAAB286C957C00D3C5B7 /* OffsetModifier.swift in Sources */,
				9C0D5CA22869DC480048C06F /* Notifications.swift in Sources */,
				9C1B7001288831B5005045F7 /* LoginPresenter.swift in Sources */,
				9C1B700F288831CD005045F7 /* RegistrationViewController.swift in Sources */,
				9CA817F7288A933100BCC8B0 /* BaseViewController.swift in Sources */,
				9C91BABF286D988200D3C5B7 /* AddFeedbackView.swift in Sources */,
				9C0D5CA42869DCBD0048C06F /* NotificationName + extension.swift in Sources */,
				9C0D5C97286999650048C06F /* ObjectDescriptionView.swift in Sources */,
				9C91BAAD286C9B1D00D3C5B7 /* Descriptions.swift in Sources */,
				9C9590212889475E002971C1 /* String + validation.swift in Sources */,
				9C5C4ECA2859FC98008C69F2 /* City.swift in Sources */,
				9C959027288963CE002971C1 /* AuthFields.swift in Sources */,
				9C5C4ECE285A207A008C69F2 /* CityViewModel.swift in Sources */,
				9C4B6C22285CAA5C00064537 /* LocationManager.swift in Sources */,
				9C5A36DC2891426100D4ECCE /* CityApi.swift in Sources */,
				9C5C4EBA2859C743008C69F2 /* MainScreenPresenter.swift in Sources */,
				9CA817F5288A86AF00BCC8B0 /* ErrorRouter.swift in Sources */,
				9CF0D2B2286F4FA6006B6DEB /* ReviewRow.swift in Sources */,
				9C5A36E028914E0600D4ECCE /* Logger.swift in Sources */,
				9C1B7003288831B5005045F7 /* LoginViewController.swift in Sources */,
				9C5A36F228916E5E00D4ECCE /* ApiError.swift in Sources */,
				9C91BAA6286C8FF800D3C5B7 /* TopBar.swift in Sources */,
				9CA301FA2886B334006A0D44 /* ImagePicker.swift in Sources */,
				9C3EF7B828903A6900AE1705 /* CitiesApiService.swift in Sources */,
				9C3EF78F288FD41300AE1705 /* SheetView.swift in Sources */,
				9C3EF7AA2890385E00AE1705 /* MainAssemblies.swift in Sources */,
				9C0D5CA62869E7A90048C06F /* CityButtonInfoView.swift in Sources */,
				9C1B7002288831B5005045F7 /* LoginRouter.swift in Sources */,
				9C91BAB5286D874B00D3C5B7 /* Image.swift in Sources */,
				9C658DFA28647D730023DAB0 /* Object.swift in Sources */,
				9C9590242889506B002971C1 /* RegistrationViewModel.swift in Sources */,
				9C91BAA3286C392400D3C5B7 /* ObjectDescriptionModel.swift in Sources */,
				9C5A36F428916E7700D4ECCE /* BaseError.swift in Sources */,
				9C3EF7B628903A3D00AE1705 /* DI.swift in Sources */,
				9C91BA97286AD4B400D3C5B7 /* CityImageView.swift in Sources */,
				9C0D5C9928699B1E0048C06F /* ObjectsViewModel.swift in Sources */,
				9C1B700D288831CD005045F7 /* RegistrationPresenter.swift in Sources */,
				9C4FC1A428854AE900815124 /* RoundedCorner.swift in Sources */,
				9C5A36FA289179D400D4ECCE /* ServerError.swift in Sources */,
				9C0D5C9D2869A3990048C06F /* View + extension.swift in Sources */,
				9C3EF79828902F9400AE1705 /* Environment.swift in Sources */,
				9C5C4EC52859D187008C69F2 /* UITableView + extension.swift in Sources */,
				9C91BAC3286DD6FF00D3C5B7 /* UIApplication + extension.swift in Sources */,
				9C3EF7BF28903C4C00AE1705 /* PlacesRequirements.swift in Sources */,
				9C3EF79A2890353B00AE1705 /* AppConfig.swift in Sources */,
				9C3EF7AC289038A500AE1705 /* ApiServicesAssembly.swift in Sources */,
				9C5A36EA2891624D00D4ECCE /* LogDescription.swift in Sources */,
				9C723D06285B228500B2D09E /* CityDescriptionView.swift in Sources */,
				9C5C4EC32859D0B5008C69F2 /* CityTableViewCell.swift in Sources */,
				9C5C4E832859C706008C69F2 /* AppDelegate.swift in Sources */,
				9CF0D2AC286F4538006B6DEB /* ReviewTextView.swift in Sources */,
				9C1B700E288831CD005045F7 /* RegistrationRouter.swift in Sources */,
				9C91BABC286D93CD00D3C5B7 /* FeedbackView.swift in Sources */,
				9C5C4EBD2859C743008C69F2 /* MainScreenProtocols.swift in Sources */,
				9C5A36F828916F3A00D4ECCE /* NetworkError.swift in Sources */,
				9C91BAB3286D794D00D3C5B7 /* TopBarModel.swift in Sources */,
				9C5A36EC2891627D00D4ECCE /* Date + extension.swift in Sources */,
				9C4FC1A22885481400815124 /* ScaledFont + extension.swift in Sources */,
				9C4B6C1D285C7C9000064537 /* CustomActivityView.swift in Sources */,
				9C5A36D72891413000D4ECCE /* CityApiService.swift in Sources */,
				9C0D5C9B2869A3480048C06F /* NSObject + extension.swift in Sources */,
				9CF0D2AA286F19CC006B6DEB /* UserDefaultKeys.swift in Sources */,
				9C4FC1A62885964C00815124 /* PurposalLinkCell.swift in Sources */,
				9C5C4EBB2859C743008C69F2 /* MainScreenRouter.swift in Sources */,
				9C5C4EBC2859C743008C69F2 /* MainScreenViewController.swift in Sources */,
				9C91BA9E286B02C400D3C5B7 /* Theme.swift in Sources */,
				9CF0D2B0286F4A26006B6DEB /* ReviewModel.swift in Sources */,
				9C91BA9C286AF91E00D3C5B7 /* Color .swift in Sources */,
				9C5A36DE28914DA800D4ECCE /* Moya + extension.swift in Sources */,
				9C1B7004288831B5005045F7 /* LoginProtocols.swift in Sources */,
				9C5C4EC82859E0AD008C69F2 /* CityInfoView.swift in Sources */,
				9C5C4EBE2859C743008C69F2 /* MainScreenConfigurator.swift in Sources */,
				9C3EF7C128903D0000AE1705 /* CitiesResponse.swift in Sources */,
				9C3EF7932890028E00AE1705 /* TransportRow.swift in Sources */,
				9C3EF7A6289037CD00AE1705 /* Config.swift in Sources */,
				9C4B6C25285CC67000064537 /* CityObjectsView.swift in Sources */,
				9C4B6C1F285C82DB00064537 /* CustomActivity.swift in Sources */,
				9C1B7005288831B5005045F7 /* LoginConfigurator.swift in Sources */,
				9C0D5CA02869A3E00048C06F /* ViewDidLoadModifier.swift in Sources */,
				9C1B7011288831CD005045F7 /* RegistrationConfigurator.swift in Sources */,
				9C5A36FC28917A3C00D4ECCE /* Data + extension.swift in Sources */,
				9C3EF7952890081F00AE1705 /* ReachInfo.swift in Sources */,
			);
			runOnlyForDeploymentPostprocessing = 0;
		};
		9C5C4E912859C709008C69F2 /* Sources */ = {
			isa = PBXSourcesBuildPhase;
			buildActionMask = 2147483647;
			files = (
			);
			runOnlyForDeploymentPostprocessing = 0;
		};
		9C5C4E9B2859C70A008C69F2 /* Sources */ = {
			isa = PBXSourcesBuildPhase;
			buildActionMask = 2147483647;
			files = (
			);
			runOnlyForDeploymentPostprocessing = 0;
		};
/* End PBXSourcesBuildPhase section */

/* Begin PBXTargetDependency section */
		9C5C4E972859C709008C69F2 /* PBXTargetDependency */ = {
			isa = PBXTargetDependency;
			target = 9C5C4E7E2859C706008C69F2 /* City Guide */;
			targetProxy = 9C5C4E962859C709008C69F2 /* PBXContainerItemProxy */;
		};
		9C5C4EA12859C70A008C69F2 /* PBXTargetDependency */ = {
			isa = PBXTargetDependency;
			target = 9C5C4E7E2859C706008C69F2 /* City Guide */;
			targetProxy = 9C5C4EA02859C70A008C69F2 /* PBXContainerItemProxy */;
		};
/* End PBXTargetDependency section */

/* Begin PBXVariantGroup section */
		9C5C4E882859C706008C69F2 /* Main.storyboard */ = {
			isa = PBXVariantGroup;
			children = (
				9C5C4E892859C706008C69F2 /* Base */,
			);
			name = Main.storyboard;
			sourceTree = "<group>";
		};
/* End PBXVariantGroup section */

/* Begin XCBuildConfiguration section */
		9C5C4EA72859C70A008C69F2 /* Debug */ = {
			isa = XCBuildConfiguration;
			buildSettings = {
				ALWAYS_SEARCH_USER_PATHS = NO;
				CLANG_ANALYZER_NONNULL = YES;
				CLANG_ANALYZER_NUMBER_OBJECT_CONVERSION = YES_AGGRESSIVE;
				CLANG_CXX_LANGUAGE_STANDARD = "gnu++17";
				CLANG_ENABLE_MODULES = YES;
				CLANG_ENABLE_OBJC_ARC = YES;
				CLANG_ENABLE_OBJC_WEAK = YES;
				CLANG_WARN_BLOCK_CAPTURE_AUTORELEASING = YES;
				CLANG_WARN_BOOL_CONVERSION = YES;
				CLANG_WARN_COMMA = YES;
				CLANG_WARN_CONSTANT_CONVERSION = YES;
				CLANG_WARN_DEPRECATED_OBJC_IMPLEMENTATIONS = YES;
				CLANG_WARN_DIRECT_OBJC_ISA_USAGE = YES_ERROR;
				CLANG_WARN_DOCUMENTATION_COMMENTS = YES;
				CLANG_WARN_EMPTY_BODY = YES;
				CLANG_WARN_ENUM_CONVERSION = YES;
				CLANG_WARN_INFINITE_RECURSION = YES;
				CLANG_WARN_INT_CONVERSION = YES;
				CLANG_WARN_NON_LITERAL_NULL_CONVERSION = YES;
				CLANG_WARN_OBJC_IMPLICIT_RETAIN_SELF = YES;
				CLANG_WARN_OBJC_LITERAL_CONVERSION = YES;
				CLANG_WARN_OBJC_ROOT_CLASS = YES_ERROR;
				CLANG_WARN_QUOTED_INCLUDE_IN_FRAMEWORK_HEADER = YES;
				CLANG_WARN_RANGE_LOOP_ANALYSIS = YES;
				CLANG_WARN_STRICT_PROTOTYPES = YES;
				CLANG_WARN_SUSPICIOUS_MOVE = YES;
				CLANG_WARN_UNGUARDED_AVAILABILITY = YES_AGGRESSIVE;
				CLANG_WARN_UNREACHABLE_CODE = YES;
				CLANG_WARN__DUPLICATE_METHOD_MATCH = YES;
				COPY_PHASE_STRIP = NO;
				DEBUG_INFORMATION_FORMAT = dwarf;
				ENABLE_STRICT_OBJC_MSGSEND = YES;
				ENABLE_TESTABILITY = YES;
				GCC_C_LANGUAGE_STANDARD = gnu11;
				GCC_DYNAMIC_NO_PIC = NO;
				GCC_NO_COMMON_BLOCKS = YES;
				GCC_OPTIMIZATION_LEVEL = 0;
				GCC_PREPROCESSOR_DEFINITIONS = (
					"DEBUG=1",
					"$(inherited)",
				);
				GCC_WARN_64_TO_32_BIT_CONVERSION = YES;
				GCC_WARN_ABOUT_RETURN_TYPE = YES_ERROR;
				GCC_WARN_UNDECLARED_SELECTOR = YES;
				GCC_WARN_UNINITIALIZED_AUTOS = YES_AGGRESSIVE;
				GCC_WARN_UNUSED_FUNCTION = YES;
				GCC_WARN_UNUSED_VARIABLE = YES;
				IPHONEOS_DEPLOYMENT_TARGET = 15.0;
				MTL_ENABLE_DEBUG_INFO = INCLUDE_SOURCE;
				MTL_FAST_MATH = YES;
				ONLY_ACTIVE_ARCH = YES;
				SDKROOT = iphoneos;
				SWIFT_ACTIVE_COMPILATION_CONDITIONS = DEBUG;
				SWIFT_OPTIMIZATION_LEVEL = "-Onone";
			};
			name = Debug;
		};
		9C5C4EA82859C70A008C69F2 /* Release */ = {
			isa = XCBuildConfiguration;
			buildSettings = {
				ALWAYS_SEARCH_USER_PATHS = NO;
				CLANG_ANALYZER_NONNULL = YES;
				CLANG_ANALYZER_NUMBER_OBJECT_CONVERSION = YES_AGGRESSIVE;
				CLANG_CXX_LANGUAGE_STANDARD = "gnu++17";
				CLANG_ENABLE_MODULES = YES;
				CLANG_ENABLE_OBJC_ARC = YES;
				CLANG_ENABLE_OBJC_WEAK = YES;
				CLANG_WARN_BLOCK_CAPTURE_AUTORELEASING = YES;
				CLANG_WARN_BOOL_CONVERSION = YES;
				CLANG_WARN_COMMA = YES;
				CLANG_WARN_CONSTANT_CONVERSION = YES;
				CLANG_WARN_DEPRECATED_OBJC_IMPLEMENTATIONS = YES;
				CLANG_WARN_DIRECT_OBJC_ISA_USAGE = YES_ERROR;
				CLANG_WARN_DOCUMENTATION_COMMENTS = YES;
				CLANG_WARN_EMPTY_BODY = YES;
				CLANG_WARN_ENUM_CONVERSION = YES;
				CLANG_WARN_INFINITE_RECURSION = YES;
				CLANG_WARN_INT_CONVERSION = YES;
				CLANG_WARN_NON_LITERAL_NULL_CONVERSION = YES;
				CLANG_WARN_OBJC_IMPLICIT_RETAIN_SELF = YES;
				CLANG_WARN_OBJC_LITERAL_CONVERSION = YES;
				CLANG_WARN_OBJC_ROOT_CLASS = YES_ERROR;
				CLANG_WARN_QUOTED_INCLUDE_IN_FRAMEWORK_HEADER = YES;
				CLANG_WARN_RANGE_LOOP_ANALYSIS = YES;
				CLANG_WARN_STRICT_PROTOTYPES = YES;
				CLANG_WARN_SUSPICIOUS_MOVE = YES;
				CLANG_WARN_UNGUARDED_AVAILABILITY = YES_AGGRESSIVE;
				CLANG_WARN_UNREACHABLE_CODE = YES;
				CLANG_WARN__DUPLICATE_METHOD_MATCH = YES;
				COPY_PHASE_STRIP = NO;
				DEBUG_INFORMATION_FORMAT = "dwarf-with-dsym";
				ENABLE_NS_ASSERTIONS = NO;
				ENABLE_STRICT_OBJC_MSGSEND = YES;
				GCC_C_LANGUAGE_STANDARD = gnu11;
				GCC_NO_COMMON_BLOCKS = YES;
				GCC_WARN_64_TO_32_BIT_CONVERSION = YES;
				GCC_WARN_ABOUT_RETURN_TYPE = YES_ERROR;
				GCC_WARN_UNDECLARED_SELECTOR = YES;
				GCC_WARN_UNINITIALIZED_AUTOS = YES_AGGRESSIVE;
				GCC_WARN_UNUSED_FUNCTION = YES;
				GCC_WARN_UNUSED_VARIABLE = YES;
				IPHONEOS_DEPLOYMENT_TARGET = 15.0;
				MTL_ENABLE_DEBUG_INFO = NO;
				MTL_FAST_MATH = YES;
				SDKROOT = iphoneos;
				SWIFT_COMPILATION_MODE = wholemodule;
				SWIFT_OPTIMIZATION_LEVEL = "-O";
				VALIDATE_PRODUCT = YES;
			};
			name = Release;
		};
		9C5C4EAA2859C70A008C69F2 /* Debug */ = {
			isa = XCBuildConfiguration;
			buildSettings = {
				ASSETCATALOG_COMPILER_APPICON_NAME = AppIcon;
				ASSETCATALOG_COMPILER_GLOBAL_ACCENT_COLOR_NAME = AccentColor;
				CODE_SIGN_STYLE = Automatic;
				CURRENT_PROJECT_VERSION = 1;
				DEVELOPMENT_TEAM = NWAXZVJAA5;
				GENERATE_INFOPLIST_FILE = YES;
				INFOPLIST_FILE = "SwiftUI + UIKit/Info.plist";
				INFOPLIST_KEY_UIApplicationSupportsIndirectInputEvents = YES;
				INFOPLIST_KEY_UILaunchStoryboardName = LaunchScreen;
				INFOPLIST_KEY_UIMainStoryboardFile = Main;
				INFOPLIST_KEY_UISupportedInterfaceOrientations_iPad = "UIInterfaceOrientationPortrait UIInterfaceOrientationPortraitUpsideDown UIInterfaceOrientationLandscapeLeft UIInterfaceOrientationLandscapeRight";
				INFOPLIST_KEY_UISupportedInterfaceOrientations_iPhone = "UIInterfaceOrientationPortrait UIInterfaceOrientationLandscapeLeft UIInterfaceOrientationLandscapeRight";
				LD_RUNPATH_SEARCH_PATHS = (
					"$(inherited)",
					"@executable_path/Frameworks",
				);
				MARKETING_VERSION = 1.0;
				PRODUCT_BUNDLE_IDENTIFIER = "Omega.SwiftUI---UIKit";
				PRODUCT_NAME = "$(TARGET_NAME)";
				SWIFT_EMIT_LOC_STRINGS = YES;
				SWIFT_VERSION = 5.0;
				TARGETED_DEVICE_FAMILY = "1,2";
			};
			name = Debug;
		};
		9C5C4EAB2859C70A008C69F2 /* Release */ = {
			isa = XCBuildConfiguration;
			buildSettings = {
				ASSETCATALOG_COMPILER_APPICON_NAME = AppIcon;
				ASSETCATALOG_COMPILER_GLOBAL_ACCENT_COLOR_NAME = AccentColor;
				CODE_SIGN_STYLE = Automatic;
				CURRENT_PROJECT_VERSION = 1;
				DEVELOPMENT_TEAM = NWAXZVJAA5;
				GENERATE_INFOPLIST_FILE = YES;
				INFOPLIST_FILE = "SwiftUI + UIKit/Info.plist";
				INFOPLIST_KEY_UIApplicationSupportsIndirectInputEvents = YES;
				INFOPLIST_KEY_UILaunchStoryboardName = LaunchScreen;
				INFOPLIST_KEY_UIMainStoryboardFile = Main;
				INFOPLIST_KEY_UISupportedInterfaceOrientations_iPad = "UIInterfaceOrientationPortrait UIInterfaceOrientationPortraitUpsideDown UIInterfaceOrientationLandscapeLeft UIInterfaceOrientationLandscapeRight";
				INFOPLIST_KEY_UISupportedInterfaceOrientations_iPhone = "UIInterfaceOrientationPortrait UIInterfaceOrientationLandscapeLeft UIInterfaceOrientationLandscapeRight";
				LD_RUNPATH_SEARCH_PATHS = (
					"$(inherited)",
					"@executable_path/Frameworks",
				);
				MARKETING_VERSION = 1.0;
				PRODUCT_BUNDLE_IDENTIFIER = "Omega.SwiftUI---UIKit";
				PRODUCT_NAME = "$(TARGET_NAME)";
				SWIFT_EMIT_LOC_STRINGS = YES;
				SWIFT_VERSION = 5.0;
				TARGETED_DEVICE_FAMILY = "1,2";
			};
			name = Release;
		};
		9C5C4EAD2859C70A008C69F2 /* Debug */ = {
			isa = XCBuildConfiguration;
			buildSettings = {
				ALWAYS_EMBED_SWIFT_STANDARD_LIBRARIES = YES;
				BUNDLE_LOADER = "$(TEST_HOST)";
				CODE_SIGN_STYLE = Automatic;
				CURRENT_PROJECT_VERSION = 1;
				GENERATE_INFOPLIST_FILE = YES;
				IPHONEOS_DEPLOYMENT_TARGET = 15.5;
				MARKETING_VERSION = 1.0;
				PRODUCT_BUNDLE_IDENTIFIER = "Omega.SwiftUI---UIKitTests";
				PRODUCT_NAME = "$(TARGET_NAME)";
				SWIFT_EMIT_LOC_STRINGS = NO;
				SWIFT_VERSION = 5.0;
				TARGETED_DEVICE_FAMILY = "1,2";
				TEST_HOST = "$(BUILT_PRODUCTS_DIR)/City Guide.app/City Guide";
			};
			name = Debug;
		};
		9C5C4EAE2859C70A008C69F2 /* Release */ = {
			isa = XCBuildConfiguration;
			buildSettings = {
				ALWAYS_EMBED_SWIFT_STANDARD_LIBRARIES = YES;
				BUNDLE_LOADER = "$(TEST_HOST)";
				CODE_SIGN_STYLE = Automatic;
				CURRENT_PROJECT_VERSION = 1;
				GENERATE_INFOPLIST_FILE = YES;
				IPHONEOS_DEPLOYMENT_TARGET = 15.5;
				MARKETING_VERSION = 1.0;
				PRODUCT_BUNDLE_IDENTIFIER = "Omega.SwiftUI---UIKitTests";
				PRODUCT_NAME = "$(TARGET_NAME)";
				SWIFT_EMIT_LOC_STRINGS = NO;
				SWIFT_VERSION = 5.0;
				TARGETED_DEVICE_FAMILY = "1,2";
				TEST_HOST = "$(BUILT_PRODUCTS_DIR)/City Guide.app/City Guide";
			};
			name = Release;
		};
		9C5C4EB02859C70A008C69F2 /* Debug */ = {
			isa = XCBuildConfiguration;
			buildSettings = {
				ALWAYS_EMBED_SWIFT_STANDARD_LIBRARIES = YES;
				CODE_SIGN_STYLE = Automatic;
				CURRENT_PROJECT_VERSION = 1;
				GENERATE_INFOPLIST_FILE = YES;
				MARKETING_VERSION = 1.0;
				PRODUCT_BUNDLE_IDENTIFIER = "Omega.SwiftUI---UIKitUITests";
				PRODUCT_NAME = "$(TARGET_NAME)";
				SWIFT_EMIT_LOC_STRINGS = NO;
				SWIFT_VERSION = 5.0;
				TARGETED_DEVICE_FAMILY = "1,2";
				TEST_TARGET_NAME = "SwiftUI + UIKit";
			};
			name = Debug;
		};
		9C5C4EB12859C70A008C69F2 /* Release */ = {
			isa = XCBuildConfiguration;
			buildSettings = {
				ALWAYS_EMBED_SWIFT_STANDARD_LIBRARIES = YES;
				CODE_SIGN_STYLE = Automatic;
				CURRENT_PROJECT_VERSION = 1;
				GENERATE_INFOPLIST_FILE = YES;
				MARKETING_VERSION = 1.0;
				PRODUCT_BUNDLE_IDENTIFIER = "Omega.SwiftUI---UIKitUITests";
				PRODUCT_NAME = "$(TARGET_NAME)";
				SWIFT_EMIT_LOC_STRINGS = NO;
				SWIFT_VERSION = 5.0;
				TARGETED_DEVICE_FAMILY = "1,2";
				TEST_TARGET_NAME = "SwiftUI + UIKit";
			};
			name = Release;
		};
/* End XCBuildConfiguration section */

/* Begin XCConfigurationList section */
		9C5C4E7A2859C706008C69F2 /* Build configuration list for PBXProject "City Guide" */ = {
			isa = XCConfigurationList;
			buildConfigurations = (
				9C5C4EA72859C70A008C69F2 /* Debug */,
				9C5C4EA82859C70A008C69F2 /* Release */,
			);
			defaultConfigurationIsVisible = 0;
			defaultConfigurationName = Release;
		};
		9C5C4EA92859C70A008C69F2 /* Build configuration list for PBXNativeTarget "City Guide" */ = {
			isa = XCConfigurationList;
			buildConfigurations = (
				9C5C4EAA2859C70A008C69F2 /* Debug */,
				9C5C4EAB2859C70A008C69F2 /* Release */,
			);
			defaultConfigurationIsVisible = 0;
			defaultConfigurationName = Release;
		};
		9C5C4EAC2859C70A008C69F2 /* Build configuration list for PBXNativeTarget "City GuideTests" */ = {
			isa = XCConfigurationList;
			buildConfigurations = (
				9C5C4EAD2859C70A008C69F2 /* Debug */,
				9C5C4EAE2859C70A008C69F2 /* Release */,
			);
			defaultConfigurationIsVisible = 0;
			defaultConfigurationName = Release;
		};
		9C5C4EAF2859C70A008C69F2 /* Build configuration list for PBXNativeTarget "City GuideUITests" */ = {
			isa = XCConfigurationList;
			buildConfigurations = (
				9C5C4EB02859C70A008C69F2 /* Debug */,
				9C5C4EB12859C70A008C69F2 /* Release */,
			);
			defaultConfigurationIsVisible = 0;
			defaultConfigurationName = Release;
		};
/* End XCConfigurationList section */

/* Begin XCRemoteSwiftPackageReference section */
		9C1B6FEE28882C49005045F7 /* XCRemoteSwiftPackageReference "firebase-ios-sdk" */ = {
			isa = XCRemoteSwiftPackageReference;
			repositoryURL = "https://github.com/firebase/firebase-ios-sdk.git";
			requirement = {
				kind = upToNextMajorVersion;
				minimumVersion = 9.0.0;
			};
		};
		9C1B701228883ACA005045F7 /* XCRemoteSwiftPackageReference "ORCommonUI-Swift" */ = {
			isa = XCRemoteSwiftPackageReference;
			repositoryURL = "https://github.com/Omega-R/ORCommonUI-Swift";
			requirement = {
				kind = upToNextMajorVersion;
				minimumVersion = 6.0.0;
			};
		};
		9C3EF78B288FD2DA00AE1705 /* XCRemoteSwiftPackageReference "BottomSheet" */ = {
			isa = XCRemoteSwiftPackageReference;
			repositoryURL = "https://github.com/adamfootdev/BottomSheet";
			requirement = {
				kind = upToNextMajorVersion;
				minimumVersion = 0.2.4;
			};
		};
		9C3EF79B2890366700AE1705 /* XCRemoteSwiftPackageReference "Alamofire" */ = {
			isa = XCRemoteSwiftPackageReference;
			repositoryURL = "https://github.com/Alamofire/Alamofire";
			requirement = {
				kind = upToNextMajorVersion;
				minimumVersion = 5.0.0;
			};
		};
		9C3EF79E289036DA00AE1705 /* XCRemoteSwiftPackageReference "Moya" */ = {
			isa = XCRemoteSwiftPackageReference;
			repositoryURL = "https://github.com/Moya/Moya";
			requirement = {
				kind = upToNextMajorVersion;
				minimumVersion = 15.0.0;
			};
		};
		9C3EF7A12890376200AE1705 /* XCRemoteSwiftPackageReference "Swinject" */ = {
			isa = XCRemoteSwiftPackageReference;
			repositoryURL = "https://github.com/Swinject/Swinject";
			requirement = {
				kind = upToNextMajorVersion;
				minimumVersion = 2.0.0;
			};
		};
		9C3EF7B22890399000AE1705 /* XCRemoteSwiftPackageReference "SwinjectAutoregistration" */ = {
			isa = XCRemoteSwiftPackageReference;
			repositoryURL = "https://github.com/Swinject/SwinjectAutoregistration";
			requirement = {
				kind = upToNextMajorVersion;
				minimumVersion = 2.0.0;
			};
		};
		9C3EF7B928903BEB00AE1705 /* XCRemoteSwiftPackageReference "promises" */ = {
			isa = XCRemoteSwiftPackageReference;
			repositoryURL = "https://github.com/google/promises";
			requirement = {
				kind = upToNextMajorVersion;
				minimumVersion = 2.0.0;
			};
		};
		9C5A36ED28916E2300D4ECCE /* XCRemoteSwiftPackageReference "LetterCase" */ = {
			isa = XCRemoteSwiftPackageReference;
			repositoryURL = "https://github.com/rwbutler/LetterCase";
			requirement = {
				branch = master;
				kind = branch;
			};
		};
		9C91BA9F286B167700D3C5B7 /* XCRemoteSwiftPackageReference "SwiftUI-Introspect" */ = {
			isa = XCRemoteSwiftPackageReference;
			repositoryURL = "https://github.com/siteline/SwiftUI-Introspect.git";
			requirement = {
				kind = upToNextMajorVersion;
				minimumVersion = 0.1.4;
			};
		};
/* End XCRemoteSwiftPackageReference section */

/* Begin XCSwiftPackageProductDependency section */
		9C1B6FEF28882C49005045F7 /* FirebaseAnalytics */ = {
			isa = XCSwiftPackageProductDependency;
			package = 9C1B6FEE28882C49005045F7 /* XCRemoteSwiftPackageReference "firebase-ios-sdk" */;
			productName = FirebaseAnalytics;
		};
		9C1B6FF128882C49005045F7 /* FirebaseAuth */ = {
			isa = XCSwiftPackageProductDependency;
			package = 9C1B6FEE28882C49005045F7 /* XCRemoteSwiftPackageReference "firebase-ios-sdk" */;
			productName = FirebaseAuth;
		};
		9C1B6FF328882C49005045F7 /* FirebaseDatabase */ = {
			isa = XCSwiftPackageProductDependency;
			package = 9C1B6FEE28882C49005045F7 /* XCRemoteSwiftPackageReference "firebase-ios-sdk" */;
			productName = FirebaseDatabase;
		};
		9C1B6FF528882C49005045F7 /* FirebaseFirestore */ = {
			isa = XCSwiftPackageProductDependency;
			package = 9C1B6FEE28882C49005045F7 /* XCRemoteSwiftPackageReference "firebase-ios-sdk" */;
			productName = FirebaseFirestore;
		};
		9C1B701328883ACB005045F7 /* ORCommonUI-Swift */ = {
			isa = XCSwiftPackageProductDependency;
			package = 9C1B701228883ACA005045F7 /* XCRemoteSwiftPackageReference "ORCommonUI-Swift" */;
			productName = "ORCommonUI-Swift";
		};
		9C3EF78C288FD2DA00AE1705 /* BottomSheet */ = {
			isa = XCSwiftPackageProductDependency;
			package = 9C3EF78B288FD2DA00AE1705 /* XCRemoteSwiftPackageReference "BottomSheet" */;
			productName = BottomSheet;
		};
		9C3EF79C2890366700AE1705 /* Alamofire */ = {
			isa = XCSwiftPackageProductDependency;
			package = 9C3EF79B2890366700AE1705 /* XCRemoteSwiftPackageReference "Alamofire" */;
			productName = Alamofire;
		};
		9C3EF79F289036DA00AE1705 /* Moya */ = {
			isa = XCSwiftPackageProductDependency;
			package = 9C3EF79E289036DA00AE1705 /* XCRemoteSwiftPackageReference "Moya" */;
			productName = Moya;
		};
		9C3EF7A22890376200AE1705 /* Swinject */ = {
			isa = XCSwiftPackageProductDependency;
			package = 9C3EF7A12890376200AE1705 /* XCRemoteSwiftPackageReference "Swinject" */;
			productName = Swinject;
		};
		9C3EF7B32890399100AE1705 /* SwinjectAutoregistration */ = {
			isa = XCSwiftPackageProductDependency;
			package = 9C3EF7B22890399000AE1705 /* XCRemoteSwiftPackageReference "SwinjectAutoregistration" */;
			productName = SwinjectAutoregistration;
		};
		9C3EF7BA28903BEB00AE1705 /* Promises */ = {
			isa = XCSwiftPackageProductDependency;
			package = 9C3EF7B928903BEB00AE1705 /* XCRemoteSwiftPackageReference "promises" */;
			productName = Promises;
		};
		9C5A36EE28916E2300D4ECCE /* LetterCase */ = {
			isa = XCSwiftPackageProductDependency;
			package = 9C5A36ED28916E2300D4ECCE /* XCRemoteSwiftPackageReference "LetterCase" */;
			productName = LetterCase;
		};
		9C91BAA0286B167700D3C5B7 /* Introspect */ = {
			isa = XCSwiftPackageProductDependency;
			package = 9C91BA9F286B167700D3C5B7 /* XCRemoteSwiftPackageReference "SwiftUI-Introspect" */;
			productName = Introspect;
		};
/* End XCSwiftPackageProductDependency section */
	};
	rootObject = 9C5C4E772859C706008C69F2 /* Project object */;
}
